// !$*UTF8*$!
{
	archiveVersion = 1;
	classes = {
	};
	objectVersion = 46;
	objects = {

/* Begin PBXBuildFile section */
		04045C251DDFA010002BBD07 /* AppDelegate.swift in Sources */ = {isa = PBXBuildFile; fileRef = 04045C241DDFA010002BBD07 /* AppDelegate.swift */; };
		04045C2C1DDFA010002BBD07 /* Assets.xcassets in Resources */ = {isa = PBXBuildFile; fileRef = 04045C2B1DDFA010002BBD07 /* Assets.xcassets */; };
		04045C2F1DDFA010002BBD07 /* LaunchScreen.storyboard in Resources */ = {isa = PBXBuildFile; fileRef = 04045C2D1DDFA010002BBD07 /* LaunchScreen.storyboard */; };
		04045C3A1DDFA010002BBD07 /* BounceTests.swift in Sources */ = {isa = PBXBuildFile; fileRef = 04045C391DDFA010002BBD07 /* BounceTests.swift */; };
		04045C451DDFA010002BBD07 /* BounceUITests.swift in Sources */ = {isa = PBXBuildFile; fileRef = 04045C441DDFA010002BBD07 /* BounceUITests.swift */; };
		041032A31E03A94F00B6BDE8 /* CollectionViewWithMenu.swift in Sources */ = {isa = PBXBuildFile; fileRef = 041032A11E03A94F00B6BDE8 /* CollectionViewWithMenu.swift */; };
		041032A41E03A94F00B6BDE8 /* MenuBar.swift in Sources */ = {isa = PBXBuildFile; fileRef = 041032A21E03A94F00B6BDE8 /* MenuBar.swift */; };
		041032A61E03AB6400B6BDE8 /* Main.storyboard in Resources */ = {isa = PBXBuildFile; fileRef = 041032A51E03AB6400B6BDE8 /* Main.storyboard */; };
		041032A81E03B2E000B6BDE8 /* HomeCell.swift in Sources */ = {isa = PBXBuildFile; fileRef = 041032A71E03B2E000B6BDE8 /* HomeCell.swift */; };
		041032AA1E03B76600B6BDE8 /* MenuCell.swift in Sources */ = {isa = PBXBuildFile; fileRef = 041032A91E03B76600B6BDE8 /* MenuCell.swift */; };
		041032AC1E03B7CC00B6BDE8 /* BaseCollectionViewCell.swift in Sources */ = {isa = PBXBuildFile; fileRef = 041032AB1E03B7CC00B6BDE8 /* BaseCollectionViewCell.swift */; };
		0412EB831DE28382000203E6 /* FloatingTextField.swift in Sources */ = {isa = PBXBuildFile; fileRef = 0412EB821DE28382000203E6 /* FloatingTextField.swift */; };
		041F542E1E050E8A00D1C767 /* Home.swift in Sources */ = {isa = PBXBuildFile; fileRef = 041F542D1E050E8A00D1C767 /* Home.swift */; };
		041F54301E050FE600D1C767 /* NotificationsPage.swift in Sources */ = {isa = PBXBuildFile; fileRef = 041F542F1E050FE600D1C767 /* NotificationsPage.swift */; };
		0453572E1DE2E8DB006668BF /* FontAwesome.otf in Resources */ = {isa = PBXBuildFile; fileRef = 0453572D1DE2E8BF006668BF /* FontAwesome.otf */; };
		045AB28F1DFE70EB009D9394 /* User.swift in Sources */ = {isa = PBXBuildFile; fileRef = 045AB28E1DFE70EB009D9394 /* User.swift */; };
		045AB2921DFE71B1009D9394 /* Question.swift in Sources */ = {isa = PBXBuildFile; fileRef = 045AB2911DFE71B1009D9394 /* Question.swift */; };
		045AB2941DFE777F009D9394 /* TabBarController.swift in Sources */ = {isa = PBXBuildFile; fileRef = 045AB2931DFE777F009D9394 /* TabBarController.swift */; };
		045AB2961DFE7970009D9394 /* TransitioningObject.swift in Sources */ = {isa = PBXBuildFile; fileRef = 045AB2951DFE7970009D9394 /* TransitioningObject.swift */; };
		045DAC3D1DDFB08A00BF3939 /* CircleButton.swift in Sources */ = {isa = PBXBuildFile; fileRef = 045DAC3C1DDFB08A00BF3939 /* CircleButton.swift */; };
		0497C2C41DE4170D00485A92 /* Chat.storyboard in Resources */ = {isa = PBXBuildFile; fileRef = 0497C2C31DE4170D00485A92 /* Chat.storyboard */; };
		0497C2C91DE417D500485A92 /* Channel.swift in Sources */ = {isa = PBXBuildFile; fileRef = 0497C2C81DE417D500485A92 /* Channel.swift */; };
		049AB6B11DFE841F00B45DC3 /* ChatList.swift in Sources */ = {isa = PBXBuildFile; fileRef = 049AB6B01DFE841F00B45DC3 /* ChatList.swift */; };
		049AB6B41DFE869700B45DC3 /* ChatListCell.swift in Sources */ = {isa = PBXBuildFile; fileRef = 049AB6B21DFE869700B45DC3 /* ChatListCell.swift */; };
		049AB6B51DFE869700B45DC3 /* ChatListCell.xib in Resources */ = {isa = PBXBuildFile; fileRef = 049AB6B31DFE869700B45DC3 /* ChatListCell.xib */; };
		049AB6B71DFE8E5000B45DC3 /* Chat.swift in Sources */ = {isa = PBXBuildFile; fileRef = 049AB6B61DFE8E5000B45DC3 /* Chat.swift */; };
		04A66B901DE68F0100D7EC91 /* ChatViewController.swift in Sources */ = {isa = PBXBuildFile; fileRef = 04A66B8F1DE68F0100D7EC91 /* ChatViewController.swift */; };
		04A6C7D71DDFB154004EFE14 /* GlobalConstants.swift in Sources */ = {isa = PBXBuildFile; fileRef = 04A6C7D61DDFB154004EFE14 /* GlobalConstants.swift */; };
		04A6C7D91DDFC548004EFE14 /* Animations.swift in Sources */ = {isa = PBXBuildFile; fileRef = 04A6C7D81DDFC548004EFE14 /* Animations.swift */; };
		04A6C7DF1DDFCAC5004EFE14 /* Person.swift in Sources */ = {isa = PBXBuildFile; fileRef = 04A6C7DE1DDFCAC5004EFE14 /* Person.swift */; };
		04AF68511DFF748600216652 /* Message.swift in Sources */ = {isa = PBXBuildFile; fileRef = 04AF68501DFF748600216652 /* Message.swift */; };
		04B159E91DDFFBE200B6C74C /* FirebaseService.swift in Sources */ = {isa = PBXBuildFile; fileRef = 04B159E81DDFFBE200B6C74C /* FirebaseService.swift */; };
		04D45AB71DE2C6FD00A6B317 /* ChangeRootVC.swift in Sources */ = {isa = PBXBuildFile; fileRef = 04D45AB61DE2C6FD00A6B317 /* ChangeRootVC.swift */; };
		04D7D7021DDFF9EA0023338B /* GoogleService-Info.plist in Resources */ = {isa = PBXBuildFile; fileRef = 04D7D7011DDFF9EA0023338B /* GoogleService-Info.plist */; };
		04D84FDC1DE3B61800023195 /* CreateEmail.swift in Sources */ = {isa = PBXBuildFile; fileRef = 04D84FDB1DE3B61800023195 /* CreateEmail.swift */; };
		04DF310C1DE2EC160068E59B /* DismissKeyboard.swift in Sources */ = {isa = PBXBuildFile; fileRef = 04DF310B1DE2EC160068E59B /* DismissKeyboard.swift */; };
		04DF310E1DE2EE4B0068E59B /* UserDefaultsHelper.swift in Sources */ = {isa = PBXBuildFile; fileRef = 04DF310D1DE2EE4B0068E59B /* UserDefaultsHelper.swift */; };
		04DF31101DE2EEFB0068E59B /* RoundButton.swift in Sources */ = {isa = PBXBuildFile; fileRef = 04DF310F1DE2EEFB0068E59B /* RoundButton.swift */; };
		04E459B91DE15AD5006003DF /* LoginForm.swift in Sources */ = {isa = PBXBuildFile; fileRef = 04E459B81DE15AD5006003DF /* LoginForm.swift */; };
		04E459BC1DE15C19006003DF /* Login.storyboard in Resources */ = {isa = PBXBuildFile; fileRef = 04E459BB1DE15C19006003DF /* Login.storyboard */; };
		04E459BF1DE15C3D006003DF /* LoginHome.swift in Sources */ = {isa = PBXBuildFile; fileRef = 04E459BD1DE15C3D006003DF /* LoginHome.swift */; };
		04E459C01DE15C3D006003DF /* LoginHome.xib in Resources */ = {isa = PBXBuildFile; fileRef = 04E459BE1DE15C3D006003DF /* LoginHome.xib */; };
		04F6945E1E04D49600557833 /* QuestionCell.swift in Sources */ = {isa = PBXBuildFile; fileRef = 04F6945C1E04D49600557833 /* QuestionCell.swift */; };
		04F6945F1E04D49600557833 /* QuestionCell.xib in Resources */ = {isa = PBXBuildFile; fileRef = 04F6945D1E04D49600557833 /* QuestionCell.xib */; };
		04F694611E04FF0A00557833 /* HomePageViewController.swift in Sources */ = {isa = PBXBuildFile; fileRef = 04F694601E04FF0A00557833 /* HomePageViewController.swift */; };
		28DC166C665F928AA6088372 /* Pods_BounceTests.framework in Frameworks */ = {isa = PBXBuildFile; fileRef = 8FAA19DACCD76D2FE8D5DBF0 /* Pods_BounceTests.framework */; };
		A337F8F8F60A35207990BB24 /* Pods_BounceUITests.framework in Frameworks */ = {isa = PBXBuildFile; fileRef = 7B733A0649D325DDC329C2D5 /* Pods_BounceUITests.framework */; };
		ED1D2ECCA06C4E8622B19605 /* Pods_Bounce.framework in Frameworks */ = {isa = PBXBuildFile; fileRef = 064C333CAB0646AC1F08ED66 /* Pods_Bounce.framework */; };
/* End PBXBuildFile section */

/* Begin PBXContainerItemProxy section */
		04045C361DDFA010002BBD07 /* PBXContainerItemProxy */ = {
			isa = PBXContainerItemProxy;
			containerPortal = 04045C191DDFA010002BBD07 /* Project object */;
			proxyType = 1;
			remoteGlobalIDString = 04045C201DDFA010002BBD07;
			remoteInfo = Mock;
		};
		04045C411DDFA010002BBD07 /* PBXContainerItemProxy */ = {
			isa = PBXContainerItemProxy;
			containerPortal = 04045C191DDFA010002BBD07 /* Project object */;
			proxyType = 1;
			remoteGlobalIDString = 04045C201DDFA010002BBD07;
			remoteInfo = Mock;
		};
/* End PBXContainerItemProxy section */

/* Begin PBXFileReference section */
		04045C211DDFA010002BBD07 /* Bounce.app */ = {isa = PBXFileReference; explicitFileType = wrapper.application; includeInIndex = 0; path = Bounce.app; sourceTree = BUILT_PRODUCTS_DIR; };
		04045C241DDFA010002BBD07 /* AppDelegate.swift */ = {isa = PBXFileReference; lastKnownFileType = sourcecode.swift; path = AppDelegate.swift; sourceTree = "<group>"; };
		04045C2B1DDFA010002BBD07 /* Assets.xcassets */ = {isa = PBXFileReference; lastKnownFileType = folder.assetcatalog; path = Assets.xcassets; sourceTree = "<group>"; };
		04045C2E1DDFA010002BBD07 /* Base */ = {isa = PBXFileReference; lastKnownFileType = file.storyboard; name = Base; path = Base.lproj/LaunchScreen.storyboard; sourceTree = "<group>"; };
		04045C301DDFA010002BBD07 /* Info.plist */ = {isa = PBXFileReference; lastKnownFileType = text.plist.xml; path = Info.plist; sourceTree = "<group>"; };
		04045C351DDFA010002BBD07 /* BounceTests.xctest */ = {isa = PBXFileReference; explicitFileType = wrapper.cfbundle; includeInIndex = 0; path = BounceTests.xctest; sourceTree = BUILT_PRODUCTS_DIR; };
		04045C391DDFA010002BBD07 /* BounceTests.swift */ = {isa = PBXFileReference; lastKnownFileType = sourcecode.swift; path = BounceTests.swift; sourceTree = "<group>"; };
		04045C3B1DDFA010002BBD07 /* Info.plist */ = {isa = PBXFileReference; lastKnownFileType = text.plist.xml; path = Info.plist; sourceTree = "<group>"; };
		04045C401DDFA010002BBD07 /* BounceUITests.xctest */ = {isa = PBXFileReference; explicitFileType = wrapper.cfbundle; includeInIndex = 0; path = BounceUITests.xctest; sourceTree = BUILT_PRODUCTS_DIR; };
		04045C441DDFA010002BBD07 /* BounceUITests.swift */ = {isa = PBXFileReference; lastKnownFileType = sourcecode.swift; path = BounceUITests.swift; sourceTree = "<group>"; };
		04045C461DDFA010002BBD07 /* Info.plist */ = {isa = PBXFileReference; lastKnownFileType = text.plist.xml; path = Info.plist; sourceTree = "<group>"; };
		041032A11E03A94F00B6BDE8 /* CollectionViewWithMenu.swift */ = {isa = PBXFileReference; fileEncoding = 4; lastKnownFileType = sourcecode.swift; path = CollectionViewWithMenu.swift; sourceTree = "<group>"; };
		041032A21E03A94F00B6BDE8 /* MenuBar.swift */ = {isa = PBXFileReference; fileEncoding = 4; lastKnownFileType = sourcecode.swift; path = MenuBar.swift; sourceTree = "<group>"; };
		041032A51E03AB6400B6BDE8 /* Main.storyboard */ = {isa = PBXFileReference; fileEncoding = 4; lastKnownFileType = file.storyboard; path = Main.storyboard; sourceTree = "<group>"; };
		041032A71E03B2E000B6BDE8 /* HomeCell.swift */ = {isa = PBXFileReference; fileEncoding = 4; lastKnownFileType = sourcecode.swift; path = HomeCell.swift; sourceTree = "<group>"; };
		041032A91E03B76600B6BDE8 /* MenuCell.swift */ = {isa = PBXFileReference; fileEncoding = 4; lastKnownFileType = sourcecode.swift; path = MenuCell.swift; sourceTree = "<group>"; };
		041032AB1E03B7CC00B6BDE8 /* BaseCollectionViewCell.swift */ = {isa = PBXFileReference; fileEncoding = 4; lastKnownFileType = sourcecode.swift; path = BaseCollectionViewCell.swift; sourceTree = "<group>"; };
		0412EB821DE28382000203E6 /* FloatingTextField.swift */ = {isa = PBXFileReference; fileEncoding = 4; lastKnownFileType = sourcecode.swift; path = FloatingTextField.swift; sourceTree = "<group>"; };
		041F542D1E050E8A00D1C767 /* Home.swift */ = {isa = PBXFileReference; fileEncoding = 4; lastKnownFileType = sourcecode.swift; path = Home.swift; sourceTree = "<group>"; };
		041F542F1E050FE600D1C767 /* NotificationsPage.swift */ = {isa = PBXFileReference; fileEncoding = 4; lastKnownFileType = sourcecode.swift; path = NotificationsPage.swift; sourceTree = "<group>"; };
		0453572D1DE2E8BF006668BF /* FontAwesome.otf */ = {isa = PBXFileReference; lastKnownFileType = file; path = FontAwesome.otf; sourceTree = "<group>"; };
		045AB28E1DFE70EB009D9394 /* User.swift */ = {isa = PBXFileReference; fileEncoding = 4; lastKnownFileType = sourcecode.swift; path = User.swift; sourceTree = "<group>"; };
		045AB2911DFE71B1009D9394 /* Question.swift */ = {isa = PBXFileReference; fileEncoding = 4; lastKnownFileType = sourcecode.swift; path = Question.swift; sourceTree = "<group>"; };
		045AB2931DFE777F009D9394 /* TabBarController.swift */ = {isa = PBXFileReference; fileEncoding = 4; lastKnownFileType = sourcecode.swift; path = TabBarController.swift; sourceTree = "<group>"; };
		045AB2951DFE7970009D9394 /* TransitioningObject.swift */ = {isa = PBXFileReference; fileEncoding = 4; lastKnownFileType = sourcecode.swift; path = TransitioningObject.swift; sourceTree = "<group>"; };
		045DAC3C1DDFB08A00BF3939 /* CircleButton.swift */ = {isa = PBXFileReference; fileEncoding = 4; lastKnownFileType = sourcecode.swift; path = CircleButton.swift; sourceTree = "<group>"; };
		0497C2C31DE4170D00485A92 /* Chat.storyboard */ = {isa = PBXFileReference; fileEncoding = 4; lastKnownFileType = file.storyboard; path = Chat.storyboard; sourceTree = "<group>"; };
		0497C2C81DE417D500485A92 /* Channel.swift */ = {isa = PBXFileReference; fileEncoding = 4; lastKnownFileType = sourcecode.swift; path = Channel.swift; sourceTree = "<group>"; };
		049AB6B01DFE841F00B45DC3 /* ChatList.swift */ = {isa = PBXFileReference; fileEncoding = 4; lastKnownFileType = sourcecode.swift; path = ChatList.swift; sourceTree = "<group>"; };
		049AB6B21DFE869700B45DC3 /* ChatListCell.swift */ = {isa = PBXFileReference; fileEncoding = 4; lastKnownFileType = sourcecode.swift; path = ChatListCell.swift; sourceTree = "<group>"; };
		049AB6B31DFE869700B45DC3 /* ChatListCell.xib */ = {isa = PBXFileReference; fileEncoding = 4; lastKnownFileType = file.xib; path = ChatListCell.xib; sourceTree = "<group>"; };
		049AB6B61DFE8E5000B45DC3 /* Chat.swift */ = {isa = PBXFileReference; fileEncoding = 4; lastKnownFileType = sourcecode.swift; path = Chat.swift; sourceTree = "<group>"; };
		04A66B8F1DE68F0100D7EC91 /* ChatViewController.swift */ = {isa = PBXFileReference; fileEncoding = 4; lastKnownFileType = sourcecode.swift; path = ChatViewController.swift; sourceTree = "<group>"; };
		04A6C7D61DDFB154004EFE14 /* GlobalConstants.swift */ = {isa = PBXFileReference; fileEncoding = 4; lastKnownFileType = sourcecode.swift; path = GlobalConstants.swift; sourceTree = "<group>"; };
		04A6C7D81DDFC548004EFE14 /* Animations.swift */ = {isa = PBXFileReference; fileEncoding = 4; lastKnownFileType = sourcecode.swift; path = Animations.swift; sourceTree = "<group>"; };
		04A6C7DE1DDFCAC5004EFE14 /* Person.swift */ = {isa = PBXFileReference; fileEncoding = 4; lastKnownFileType = sourcecode.swift; path = Person.swift; sourceTree = "<group>"; };
		04AF68501DFF748600216652 /* Message.swift */ = {isa = PBXFileReference; fileEncoding = 4; lastKnownFileType = sourcecode.swift; path = Message.swift; sourceTree = "<group>"; };
		04B159E81DDFFBE200B6C74C /* FirebaseService.swift */ = {isa = PBXFileReference; fileEncoding = 4; lastKnownFileType = sourcecode.swift; path = FirebaseService.swift; sourceTree = "<group>"; };
		04D45AB61DE2C6FD00A6B317 /* ChangeRootVC.swift */ = {isa = PBXFileReference; fileEncoding = 4; lastKnownFileType = sourcecode.swift; path = ChangeRootVC.swift; sourceTree = "<group>"; };
		04D45ABC1DE2DA1F00A6B317 /* Bounce.entitlements */ = {isa = PBXFileReference; lastKnownFileType = text.plist.entitlements; path = Bounce.entitlements; sourceTree = "<group>"; };
		04D7D7011DDFF9EA0023338B /* GoogleService-Info.plist */ = {isa = PBXFileReference; fileEncoding = 4; lastKnownFileType = text.plist.xml; path = "GoogleService-Info.plist"; sourceTree = "<group>"; };
		04D84FDB1DE3B61800023195 /* CreateEmail.swift */ = {isa = PBXFileReference; fileEncoding = 4; lastKnownFileType = sourcecode.swift; path = CreateEmail.swift; sourceTree = "<group>"; };
		04DF310B1DE2EC160068E59B /* DismissKeyboard.swift */ = {isa = PBXFileReference; fileEncoding = 4; lastKnownFileType = sourcecode.swift; path = DismissKeyboard.swift; sourceTree = "<group>"; };
		04DF310D1DE2EE4B0068E59B /* UserDefaultsHelper.swift */ = {isa = PBXFileReference; fileEncoding = 4; lastKnownFileType = sourcecode.swift; path = UserDefaultsHelper.swift; sourceTree = "<group>"; };
		04DF310F1DE2EEFB0068E59B /* RoundButton.swift */ = {isa = PBXFileReference; fileEncoding = 4; lastKnownFileType = sourcecode.swift; path = RoundButton.swift; sourceTree = "<group>"; };
		04E459B81DE15AD5006003DF /* LoginForm.swift */ = {isa = PBXFileReference; fileEncoding = 4; lastKnownFileType = sourcecode.swift; path = LoginForm.swift; sourceTree = "<group>"; };
		04E459BB1DE15C19006003DF /* Login.storyboard */ = {isa = PBXFileReference; fileEncoding = 4; lastKnownFileType = file.storyboard; path = Login.storyboard; sourceTree = "<group>"; };
		04E459BD1DE15C3D006003DF /* LoginHome.swift */ = {isa = PBXFileReference; fileEncoding = 4; lastKnownFileType = sourcecode.swift; path = LoginHome.swift; sourceTree = "<group>"; };
		04E459BE1DE15C3D006003DF /* LoginHome.xib */ = {isa = PBXFileReference; fileEncoding = 4; lastKnownFileType = file.xib; path = LoginHome.xib; sourceTree = "<group>"; };
		04F6945C1E04D49600557833 /* QuestionCell.swift */ = {isa = PBXFileReference; fileEncoding = 4; lastKnownFileType = sourcecode.swift; path = QuestionCell.swift; sourceTree = "<group>"; };
		04F6945D1E04D49600557833 /* QuestionCell.xib */ = {isa = PBXFileReference; fileEncoding = 4; lastKnownFileType = file.xib; path = QuestionCell.xib; sourceTree = "<group>"; };
		04F694601E04FF0A00557833 /* HomePageViewController.swift */ = {isa = PBXFileReference; fileEncoding = 4; lastKnownFileType = sourcecode.swift; path = HomePageViewController.swift; sourceTree = "<group>"; };
		04FAE7A11DE296650074CA39 /* Bounce-Bridging-Header.h */ = {isa = PBXFileReference; lastKnownFileType = sourcecode.c.h; path = "Bounce-Bridging-Header.h"; sourceTree = "<group>"; };
		064C333CAB0646AC1F08ED66 /* Pods_Bounce.framework */ = {isa = PBXFileReference; explicitFileType = wrapper.framework; includeInIndex = 0; path = Pods_Bounce.framework; sourceTree = BUILT_PRODUCTS_DIR; };
		46164DF9B25AAD27BCCFB351 /* Pods-Bounce.debug.xcconfig */ = {isa = PBXFileReference; includeInIndex = 1; lastKnownFileType = text.xcconfig; name = "Pods-Bounce.debug.xcconfig"; path = "Pods/Target Support Files/Pods-Bounce/Pods-Bounce.debug.xcconfig"; sourceTree = "<group>"; };
		66A5655F5E418920AF2F3A50 /* Pods-BounceTests.debug.xcconfig */ = {isa = PBXFileReference; includeInIndex = 1; lastKnownFileType = text.xcconfig; name = "Pods-BounceTests.debug.xcconfig"; path = "Pods/Target Support Files/Pods-BounceTests/Pods-BounceTests.debug.xcconfig"; sourceTree = "<group>"; };
		7B733A0649D325DDC329C2D5 /* Pods_BounceUITests.framework */ = {isa = PBXFileReference; explicitFileType = wrapper.framework; includeInIndex = 0; path = Pods_BounceUITests.framework; sourceTree = BUILT_PRODUCTS_DIR; };
		7DFA1CE712DC73642348FE02 /* Pods-Bounce.release.xcconfig */ = {isa = PBXFileReference; includeInIndex = 1; lastKnownFileType = text.xcconfig; name = "Pods-Bounce.release.xcconfig"; path = "Pods/Target Support Files/Pods-Bounce/Pods-Bounce.release.xcconfig"; sourceTree = "<group>"; };
		8FAA19DACCD76D2FE8D5DBF0 /* Pods_BounceTests.framework */ = {isa = PBXFileReference; explicitFileType = wrapper.framework; includeInIndex = 0; path = Pods_BounceTests.framework; sourceTree = BUILT_PRODUCTS_DIR; };
		95A82548479929CA98B707FD /* Pods-BounceUITests.debug.xcconfig */ = {isa = PBXFileReference; includeInIndex = 1; lastKnownFileType = text.xcconfig; name = "Pods-BounceUITests.debug.xcconfig"; path = "Pods/Target Support Files/Pods-BounceUITests/Pods-BounceUITests.debug.xcconfig"; sourceTree = "<group>"; };
		B6546A2000FAF0BC00D408A4 /* Pods-BounceUITests.release.xcconfig */ = {isa = PBXFileReference; includeInIndex = 1; lastKnownFileType = text.xcconfig; name = "Pods-BounceUITests.release.xcconfig"; path = "Pods/Target Support Files/Pods-BounceUITests/Pods-BounceUITests.release.xcconfig"; sourceTree = "<group>"; };
		EBC428A3ECCB2E106C87BA33 /* Pods-BounceTests.release.xcconfig */ = {isa = PBXFileReference; includeInIndex = 1; lastKnownFileType = text.xcconfig; name = "Pods-BounceTests.release.xcconfig"; path = "Pods/Target Support Files/Pods-BounceTests/Pods-BounceTests.release.xcconfig"; sourceTree = "<group>"; };
/* End PBXFileReference section */

/* Begin PBXFrameworksBuildPhase section */
		04045C1E1DDFA010002BBD07 /* Frameworks */ = {
			isa = PBXFrameworksBuildPhase;
			buildActionMask = 2147483647;
			files = (
				ED1D2ECCA06C4E8622B19605 /* Pods_Bounce.framework in Frameworks */,
			);
			runOnlyForDeploymentPostprocessing = 0;
		};
		04045C321DDFA010002BBD07 /* Frameworks */ = {
			isa = PBXFrameworksBuildPhase;
			buildActionMask = 2147483647;
			files = (
				28DC166C665F928AA6088372 /* Pods_BounceTests.framework in Frameworks */,
			);
			runOnlyForDeploymentPostprocessing = 0;
		};
		04045C3D1DDFA010002BBD07 /* Frameworks */ = {
			isa = PBXFrameworksBuildPhase;
			buildActionMask = 2147483647;
			files = (
				A337F8F8F60A35207990BB24 /* Pods_BounceUITests.framework in Frameworks */,
			);
			runOnlyForDeploymentPostprocessing = 0;
		};
/* End PBXFrameworksBuildPhase section */

/* Begin PBXGroup section */
		04045C181DDFA010002BBD07 = {
			isa = PBXGroup;
			children = (
				04045C231DDFA010002BBD07 /* Bounce */,
				04045C381DDFA010002BBD07 /* BounceTests */,
				04045C431DDFA010002BBD07 /* BounceUITests */,
				04045C221DDFA010002BBD07 /* Products */,
				376DC294C578D941E2838B84 /* Pods */,
				D6EA4565AC045B0E0DB5D5E2 /* Frameworks */,
			);
			sourceTree = "<group>";
		};
		04045C221DDFA010002BBD07 /* Products */ = {
			isa = PBXGroup;
			children = (
				04045C211DDFA010002BBD07 /* Bounce.app */,
				04045C351DDFA010002BBD07 /* BounceTests.xctest */,
				04045C401DDFA010002BBD07 /* BounceUITests.xctest */,
			);
			name = Products;
			sourceTree = "<group>";
		};
		04045C231DDFA010002BBD07 /* Bounce */ = {
			isa = PBXGroup;
			children = (
				04D45ABC1DE2DA1F00A6B317 /* Bounce.entitlements */,
				04045C241DDFA010002BBD07 /* AppDelegate.swift */,
				045DAC3C1DDFB08A00BF3939 /* CircleButton.swift */,
				04DF310F1DE2EEFB0068E59B /* RoundButton.swift */,
				04A6C7D61DDFB154004EFE14 /* GlobalConstants.swift */,
				04DF310A1DE2EC090068E59B /* Helpers */,
				04E459BA1DE15AE1006003DF /* Login */,
				045DAC391DDFA10100BF3939 /* Home */,
				0497C2C51DE4171500485A92 /* Chat */,
				045AB2901DFE70F2009D9394 /* Model */,
				04045C2B1DDFA010002BBD07 /* Assets.xcassets */,
				04045C2D1DDFA010002BBD07 /* LaunchScreen.storyboard */,
				04045C301DDFA010002BBD07 /* Info.plist */,
				04D7D7011DDFF9EA0023338B /* GoogleService-Info.plist */,
				0453572D1DE2E8BF006668BF /* FontAwesome.otf */,
				04FAE7A11DE296650074CA39 /* Bounce-Bridging-Header.h */,
			);
			path = Bounce;
			sourceTree = "<group>";
		};
		04045C381DDFA010002BBD07 /* BounceTests */ = {
			isa = PBXGroup;
			children = (
				04045C391DDFA010002BBD07 /* BounceTests.swift */,
				04045C3B1DDFA010002BBD07 /* Info.plist */,
			);
			path = BounceTests;
			sourceTree = "<group>";
		};
		04045C431DDFA010002BBD07 /* BounceUITests */ = {
			isa = PBXGroup;
			children = (
				04045C441DDFA010002BBD07 /* BounceUITests.swift */,
				04045C461DDFA010002BBD07 /* Info.plist */,
			);
			path = BounceUITests;
			sourceTree = "<group>";
		};
		045AB2901DFE70F2009D9394 /* Model */ = {
			isa = PBXGroup;
			children = (
				04A6C7DE1DDFCAC5004EFE14 /* Person.swift */,
				045AB28E1DFE70EB009D9394 /* User.swift */,
				04AF68501DFF748600216652 /* Message.swift */,
				049AB6B61DFE8E5000B45DC3 /* Chat.swift */,
				045AB2911DFE71B1009D9394 /* Question.swift */,
			);
			name = Model;
			sourceTree = "<group>";
		};
		045DAC391DDFA10100BF3939 /* Home */ = {
			isa = PBXGroup;
			children = (
				041032A51E03AB6400B6BDE8 /* Main.storyboard */,
				045AB2931DFE777F009D9394 /* TabBarController.swift */,
				04F694601E04FF0A00557833 /* HomePageViewController.swift */,
				041F542F1E050FE600D1C767 /* NotificationsPage.swift */,
				041032A91E03B76600B6BDE8 /* MenuCell.swift */,
				041032AB1E03B7CC00B6BDE8 /* BaseCollectionViewCell.swift */,
				041032A11E03A94F00B6BDE8 /* CollectionViewWithMenu.swift */,
				041032A21E03A94F00B6BDE8 /* MenuBar.swift */,
				041032A71E03B2E000B6BDE8 /* HomeCell.swift */,
				041F542D1E050E8A00D1C767 /* Home.swift */,
				04F6945C1E04D49600557833 /* QuestionCell.swift */,
				04F6945D1E04D49600557833 /* QuestionCell.xib */,
				045AB2951DFE7970009D9394 /* TransitioningObject.swift */,
			);
			name = Home;
			sourceTree = "<group>";
		};
		0497C2C51DE4171500485A92 /* Chat */ = {
			isa = PBXGroup;
			children = (
				0497C2C31DE4170D00485A92 /* Chat.storyboard */,
				049AB6B01DFE841F00B45DC3 /* ChatList.swift */,
				049AB6B21DFE869700B45DC3 /* ChatListCell.swift */,
				049AB6B31DFE869700B45DC3 /* ChatListCell.xib */,
				04A66B8F1DE68F0100D7EC91 /* ChatViewController.swift */,
				0497C2C81DE417D500485A92 /* Channel.swift */,
			);
			name = Chat;
			sourceTree = "<group>";
		};
		04DF310A1DE2EC090068E59B /* Helpers */ = {
			isa = PBXGroup;
			children = (
				04A6C7D81DDFC548004EFE14 /* Animations.swift */,
				04D45AB61DE2C6FD00A6B317 /* ChangeRootVC.swift */,
				04B159E81DDFFBE200B6C74C /* FirebaseService.swift */,
				04DF310B1DE2EC160068E59B /* DismissKeyboard.swift */,
				04DF310D1DE2EE4B0068E59B /* UserDefaultsHelper.swift */,
			);
			name = Helpers;
			sourceTree = "<group>";
		};
		04E459BA1DE15AE1006003DF /* Login */ = {
			isa = PBXGroup;
			children = (
				04E459BB1DE15C19006003DF /* Login.storyboard */,
				0412EB821DE28382000203E6 /* FloatingTextField.swift */,
				04E459BD1DE15C3D006003DF /* LoginHome.swift */,
				04E459BE1DE15C3D006003DF /* LoginHome.xib */,
				04E459B81DE15AD5006003DF /* LoginForm.swift */,
				04D84FDB1DE3B61800023195 /* CreateEmail.swift */,
			);
			name = Login;
			sourceTree = "<group>";
		};
		376DC294C578D941E2838B84 /* Pods */ = {
			isa = PBXGroup;
			children = (
				46164DF9B25AAD27BCCFB351 /* Pods-Bounce.debug.xcconfig */,
				7DFA1CE712DC73642348FE02 /* Pods-Bounce.release.xcconfig */,
				66A5655F5E418920AF2F3A50 /* Pods-BounceTests.debug.xcconfig */,
				EBC428A3ECCB2E106C87BA33 /* Pods-BounceTests.release.xcconfig */,
				95A82548479929CA98B707FD /* Pods-BounceUITests.debug.xcconfig */,
				B6546A2000FAF0BC00D408A4 /* Pods-BounceUITests.release.xcconfig */,
			);
			name = Pods;
			sourceTree = "<group>";
		};
		D6EA4565AC045B0E0DB5D5E2 /* Frameworks */ = {
			isa = PBXGroup;
			children = (
				064C333CAB0646AC1F08ED66 /* Pods_Bounce.framework */,
				8FAA19DACCD76D2FE8D5DBF0 /* Pods_BounceTests.framework */,
				7B733A0649D325DDC329C2D5 /* Pods_BounceUITests.framework */,
			);
			name = Frameworks;
			sourceTree = "<group>";
		};
/* End PBXGroup section */

/* Begin PBXNativeTarget section */
		04045C201DDFA010002BBD07 /* Bounce */ = {
			isa = PBXNativeTarget;
			buildConfigurationList = 04045C491DDFA010002BBD07 /* Build configuration list for PBXNativeTarget "Bounce" */;
			buildPhases = (
				94AF2B9275217E0BA83DBF2D /* [CP] Check Pods Manifest.lock */,
				04045C1D1DDFA010002BBD07 /* Sources */,
				04045C1E1DDFA010002BBD07 /* Frameworks */,
				04045C1F1DDFA010002BBD07 /* Resources */,
				3394F3B172F8F2CC15E6F051 /* [CP] Embed Pods Frameworks */,
				9BBF88578A2B2932EC18B82A /* [CP] Copy Pods Resources */,
			);
			buildRules = (
			);
			dependencies = (
			);
			name = Bounce;
			productName = Mock;
			productReference = 04045C211DDFA010002BBD07 /* Bounce.app */;
			productType = "com.apple.product-type.application";
		};
		04045C341DDFA010002BBD07 /* BounceTests */ = {
			isa = PBXNativeTarget;
			buildConfigurationList = 04045C4C1DDFA010002BBD07 /* Build configuration list for PBXNativeTarget "BounceTests" */;
			buildPhases = (
				875D11E67CC7AFDDBFD94362 /* [CP] Check Pods Manifest.lock */,
				04045C311DDFA010002BBD07 /* Sources */,
				04045C321DDFA010002BBD07 /* Frameworks */,
				04045C331DDFA010002BBD07 /* Resources */,
				D9AB312B8B3FCCD307E4759C /* [CP] Embed Pods Frameworks */,
				FB7033DBAE2B99C9319841FD /* [CP] Copy Pods Resources */,
			);
			buildRules = (
			);
			dependencies = (
				04045C371DDFA010002BBD07 /* PBXTargetDependency */,
			);
			name = BounceTests;
			productName = MockTests;
			productReference = 04045C351DDFA010002BBD07 /* BounceTests.xctest */;
			productType = "com.apple.product-type.bundle.unit-test";
		};
		04045C3F1DDFA010002BBD07 /* BounceUITests */ = {
			isa = PBXNativeTarget;
			buildConfigurationList = 04045C4F1DDFA010002BBD07 /* Build configuration list for PBXNativeTarget "BounceUITests" */;
			buildPhases = (
				5919F9881AB69749CCDA317B /* [CP] Check Pods Manifest.lock */,
				04045C3C1DDFA010002BBD07 /* Sources */,
				04045C3D1DDFA010002BBD07 /* Frameworks */,
				04045C3E1DDFA010002BBD07 /* Resources */,
				0378A8DCD31C5F691D13E98C /* [CP] Embed Pods Frameworks */,
				C31B8C40A7E773E85E1077CA /* [CP] Copy Pods Resources */,
			);
			buildRules = (
			);
			dependencies = (
				04045C421DDFA010002BBD07 /* PBXTargetDependency */,
			);
			name = BounceUITests;
			productName = MockUITests;
			productReference = 04045C401DDFA010002BBD07 /* BounceUITests.xctest */;
			productType = "com.apple.product-type.bundle.ui-testing";
		};
/* End PBXNativeTarget section */

/* Begin PBXProject section */
		04045C191DDFA010002BBD07 /* Project object */ = {
			isa = PBXProject;
			attributes = {
				LastSwiftUpdateCheck = 0810;
				LastUpgradeCheck = 0820;
				ORGANIZATIONNAME = "Jitae Kim";
				TargetAttributes = {
					04045C201DDFA010002BBD07 = {
						CreatedOnToolsVersion = 8.1;
						DevelopmentTeam = 3NP653TDUD;
						ProvisioningStyle = Automatic;
						SystemCapabilities = {
							com.apple.Keychain = {
								enabled = 1;
							};
						};
					};
					04045C341DDFA010002BBD07 = {
						CreatedOnToolsVersion = 8.1;
						DevelopmentTeam = 3NP653TDUD;
						ProvisioningStyle = Automatic;
						TestTargetID = 04045C201DDFA010002BBD07;
					};
					04045C3F1DDFA010002BBD07 = {
						CreatedOnToolsVersion = 8.1;
						DevelopmentTeam = 3NP653TDUD;
						ProvisioningStyle = Automatic;
						TestTargetID = 04045C201DDFA010002BBD07;
					};
				};
			};
			buildConfigurationList = 04045C1C1DDFA010002BBD07 /* Build configuration list for PBXProject "Bounce" */;
			compatibilityVersion = "Xcode 3.2";
			developmentRegion = English;
			hasScannedForEncodings = 0;
			knownRegions = (
				en,
				Base,
			);
			mainGroup = 04045C181DDFA010002BBD07;
			productRefGroup = 04045C221DDFA010002BBD07 /* Products */;
			projectDirPath = "";
			projectRoot = "";
			targets = (
				04045C201DDFA010002BBD07 /* Bounce */,
				04045C341DDFA010002BBD07 /* BounceTests */,
				04045C3F1DDFA010002BBD07 /* BounceUITests */,
			);
		};
/* End PBXProject section */

/* Begin PBXResourcesBuildPhase section */
		04045C1F1DDFA010002BBD07 /* Resources */ = {
			isa = PBXResourcesBuildPhase;
			buildActionMask = 2147483647;
			files = (
				04E459C01DE15C3D006003DF /* LoginHome.xib in Resources */,
				04045C2F1DDFA010002BBD07 /* LaunchScreen.storyboard in Resources */,
				04E459BC1DE15C19006003DF /* Login.storyboard in Resources */,
				04045C2C1DDFA010002BBD07 /* Assets.xcassets in Resources */,
				049AB6B51DFE869700B45DC3 /* ChatListCell.xib in Resources */,
				0453572E1DE2E8DB006668BF /* FontAwesome.otf in Resources */,
				041032A61E03AB6400B6BDE8 /* Main.storyboard in Resources */,
				04F6945F1E04D49600557833 /* QuestionCell.xib in Resources */,
				04D7D7021DDFF9EA0023338B /* GoogleService-Info.plist in Resources */,
				0497C2C41DE4170D00485A92 /* Chat.storyboard in Resources */,
			);
			runOnlyForDeploymentPostprocessing = 0;
		};
		04045C331DDFA010002BBD07 /* Resources */ = {
			isa = PBXResourcesBuildPhase;
			buildActionMask = 2147483647;
			files = (
			);
			runOnlyForDeploymentPostprocessing = 0;
		};
		04045C3E1DDFA010002BBD07 /* Resources */ = {
			isa = PBXResourcesBuildPhase;
			buildActionMask = 2147483647;
			files = (
			);
			runOnlyForDeploymentPostprocessing = 0;
		};
/* End PBXResourcesBuildPhase section */

/* Begin PBXShellScriptBuildPhase section */
		0378A8DCD31C5F691D13E98C /* [CP] Embed Pods Frameworks */ = {
			isa = PBXShellScriptBuildPhase;
			buildActionMask = 2147483647;
			files = (
			);
			inputPaths = (
			);
			name = "[CP] Embed Pods Frameworks";
			outputPaths = (
			);
			runOnlyForDeploymentPostprocessing = 0;
			shellPath = /bin/sh;
			shellScript = "\"${SRCROOT}/Pods/Target Support Files/Pods-BounceUITests/Pods-BounceUITests-frameworks.sh\"\n";
			showEnvVarsInLog = 0;
		};
		3394F3B172F8F2CC15E6F051 /* [CP] Embed Pods Frameworks */ = {
			isa = PBXShellScriptBuildPhase;
			buildActionMask = 2147483647;
			files = (
			);
			inputPaths = (
			);
			name = "[CP] Embed Pods Frameworks";
			outputPaths = (
			);
			runOnlyForDeploymentPostprocessing = 0;
			shellPath = /bin/sh;
			shellScript = "\"${SRCROOT}/Pods/Target Support Files/Pods-Bounce/Pods-Bounce-frameworks.sh\"\n";
			showEnvVarsInLog = 0;
		};
		5919F9881AB69749CCDA317B /* [CP] Check Pods Manifest.lock */ = {
			isa = PBXShellScriptBuildPhase;
			buildActionMask = 2147483647;
			files = (
			);
			inputPaths = (
			);
			name = "[CP] Check Pods Manifest.lock";
			outputPaths = (
			);
			runOnlyForDeploymentPostprocessing = 0;
			shellPath = /bin/sh;
			shellScript = "diff \"${PODS_ROOT}/../Podfile.lock\" \"${PODS_ROOT}/Manifest.lock\" > /dev/null\nif [ $? != 0 ] ; then\n    # print error to STDERR\n    echo \"error: The sandbox is not in sync with the Podfile.lock. Run 'pod install' or update your CocoaPods installation.\" >&2\n    exit 1\nfi\n";
			showEnvVarsInLog = 0;
		};
		875D11E67CC7AFDDBFD94362 /* [CP] Check Pods Manifest.lock */ = {
			isa = PBXShellScriptBuildPhase;
			buildActionMask = 2147483647;
			files = (
			);
			inputPaths = (
			);
			name = "[CP] Check Pods Manifest.lock";
			outputPaths = (
			);
			runOnlyForDeploymentPostprocessing = 0;
			shellPath = /bin/sh;
			shellScript = "diff \"${PODS_ROOT}/../Podfile.lock\" \"${PODS_ROOT}/Manifest.lock\" > /dev/null\nif [ $? != 0 ] ; then\n    # print error to STDERR\n    echo \"error: The sandbox is not in sync with the Podfile.lock. Run 'pod install' or update your CocoaPods installation.\" >&2\n    exit 1\nfi\n";
			showEnvVarsInLog = 0;
		};
		94AF2B9275217E0BA83DBF2D /* [CP] Check Pods Manifest.lock */ = {
			isa = PBXShellScriptBuildPhase;
			buildActionMask = 2147483647;
			files = (
			);
			inputPaths = (
			);
			name = "[CP] Check Pods Manifest.lock";
			outputPaths = (
			);
			runOnlyForDeploymentPostprocessing = 0;
			shellPath = /bin/sh;
			shellScript = "diff \"${PODS_ROOT}/../Podfile.lock\" \"${PODS_ROOT}/Manifest.lock\" > /dev/null\nif [ $? != 0 ] ; then\n    # print error to STDERR\n    echo \"error: The sandbox is not in sync with the Podfile.lock. Run 'pod install' or update your CocoaPods installation.\" >&2\n    exit 1\nfi\n";
			showEnvVarsInLog = 0;
		};
		9BBF88578A2B2932EC18B82A /* [CP] Copy Pods Resources */ = {
			isa = PBXShellScriptBuildPhase;
			buildActionMask = 2147483647;
			files = (
			);
			inputPaths = (
			);
			name = "[CP] Copy Pods Resources";
			outputPaths = (
			);
			runOnlyForDeploymentPostprocessing = 0;
			shellPath = /bin/sh;
			shellScript = "\"${SRCROOT}/Pods/Target Support Files/Pods-Bounce/Pods-Bounce-resources.sh\"\n";
			showEnvVarsInLog = 0;
		};
		C31B8C40A7E773E85E1077CA /* [CP] Copy Pods Resources */ = {
			isa = PBXShellScriptBuildPhase;
			buildActionMask = 2147483647;
			files = (
			);
			inputPaths = (
			);
			name = "[CP] Copy Pods Resources";
			outputPaths = (
			);
			runOnlyForDeploymentPostprocessing = 0;
			shellPath = /bin/sh;
			shellScript = "\"${SRCROOT}/Pods/Target Support Files/Pods-BounceUITests/Pods-BounceUITests-resources.sh\"\n";
			showEnvVarsInLog = 0;
		};
		D9AB312B8B3FCCD307E4759C /* [CP] Embed Pods Frameworks */ = {
			isa = PBXShellScriptBuildPhase;
			buildActionMask = 2147483647;
			files = (
			);
			inputPaths = (
			);
			name = "[CP] Embed Pods Frameworks";
			outputPaths = (
			);
			runOnlyForDeploymentPostprocessing = 0;
			shellPath = /bin/sh;
			shellScript = "\"${SRCROOT}/Pods/Target Support Files/Pods-BounceTests/Pods-BounceTests-frameworks.sh\"\n";
			showEnvVarsInLog = 0;
		};
		FB7033DBAE2B99C9319841FD /* [CP] Copy Pods Resources */ = {
			isa = PBXShellScriptBuildPhase;
			buildActionMask = 2147483647;
			files = (
			);
			inputPaths = (
			);
			name = "[CP] Copy Pods Resources";
			outputPaths = (
			);
			runOnlyForDeploymentPostprocessing = 0;
			shellPath = /bin/sh;
			shellScript = "\"${SRCROOT}/Pods/Target Support Files/Pods-BounceTests/Pods-BounceTests-resources.sh\"\n";
			showEnvVarsInLog = 0;
		};
/* End PBXShellScriptBuildPhase section */

/* Begin PBXSourcesBuildPhase section */
		04045C1D1DDFA010002BBD07 /* Sources */ = {
			isa = PBXSourcesBuildPhase;
			buildActionMask = 2147483647;
			files = (
				04DF31101DE2EEFB0068E59B /* RoundButton.swift in Sources */,
				041032A31E03A94F00B6BDE8 /* CollectionViewWithMenu.swift in Sources */,
				04DF310E1DE2EE4B0068E59B /* UserDefaultsHelper.swift in Sources */,
				0497C2C91DE417D500485A92 /* Channel.swift in Sources */,
				045DAC3D1DDFB08A00BF3939 /* CircleButton.swift in Sources */,
				041032AA1E03B76600B6BDE8 /* MenuCell.swift in Sources */,
				04A6C7D91DDFC548004EFE14 /* Animations.swift in Sources */,
				041032A41E03A94F00B6BDE8 /* MenuBar.swift in Sources */,
				041032A81E03B2E000B6BDE8 /* HomeCell.swift in Sources */,
				04F6945E1E04D49600557833 /* QuestionCell.swift in Sources */,
				04B159E91DDFFBE200B6C74C /* FirebaseService.swift in Sources */,
				045AB2941DFE777F009D9394 /* TabBarController.swift in Sources */,
				04E459B91DE15AD5006003DF /* LoginForm.swift in Sources */,
				045AB28F1DFE70EB009D9394 /* User.swift in Sources */,
				041F542E1E050E8A00D1C767 /* Home.swift in Sources */,
				04D45AB71DE2C6FD00A6B317 /* ChangeRootVC.swift in Sources */,
				04A6C7DF1DDFCAC5004EFE14 /* Person.swift in Sources */,
				04AF68511DFF748600216652 /* Message.swift in Sources */,
				04D84FDC1DE3B61800023195 /* CreateEmail.swift in Sources */,
				0412EB831DE28382000203E6 /* FloatingTextField.swift in Sources */,
				04E459BF1DE15C3D006003DF /* LoginHome.swift in Sources */,
				04A6C7D71DDFB154004EFE14 /* GlobalConstants.swift in Sources */,
				049AB6B41DFE869700B45DC3 /* ChatListCell.swift in Sources */,
				041032AC1E03B7CC00B6BDE8 /* BaseCollectionViewCell.swift in Sources */,
				041F54301E050FE600D1C767 /* NotificationsPage.swift in Sources */,
				04DF310C1DE2EC160068E59B /* DismissKeyboard.swift in Sources */,
				049AB6B11DFE841F00B45DC3 /* ChatList.swift in Sources */,
				045AB2921DFE71B1009D9394 /* Question.swift in Sources */,
				04045C251DDFA010002BBD07 /* AppDelegate.swift in Sources */,
				049AB6B71DFE8E5000B45DC3 /* Chat.swift in Sources */,
				045AB2961DFE7970009D9394 /* TransitioningObject.swift in Sources */,
				04A66B901DE68F0100D7EC91 /* ChatViewController.swift in Sources */,
				04F694611E04FF0A00557833 /* HomePageViewController.swift in Sources */,
			);
			runOnlyForDeploymentPostprocessing = 0;
		};
		04045C311DDFA010002BBD07 /* Sources */ = {
			isa = PBXSourcesBuildPhase;
			buildActionMask = 2147483647;
			files = (
				04045C3A1DDFA010002BBD07 /* BounceTests.swift in Sources */,
			);
			runOnlyForDeploymentPostprocessing = 0;
		};
		04045C3C1DDFA010002BBD07 /* Sources */ = {
			isa = PBXSourcesBuildPhase;
			buildActionMask = 2147483647;
			files = (
				04045C451DDFA010002BBD07 /* BounceUITests.swift in Sources */,
			);
			runOnlyForDeploymentPostprocessing = 0;
		};
/* End PBXSourcesBuildPhase section */

/* Begin PBXTargetDependency section */
		04045C371DDFA010002BBD07 /* PBXTargetDependency */ = {
			isa = PBXTargetDependency;
			target = 04045C201DDFA010002BBD07 /* Bounce */;
			targetProxy = 04045C361DDFA010002BBD07 /* PBXContainerItemProxy */;
		};
		04045C421DDFA010002BBD07 /* PBXTargetDependency */ = {
			isa = PBXTargetDependency;
			target = 04045C201DDFA010002BBD07 /* Bounce */;
			targetProxy = 04045C411DDFA010002BBD07 /* PBXContainerItemProxy */;
		};
/* End PBXTargetDependency section */

/* Begin PBXVariantGroup section */
		04045C2D1DDFA010002BBD07 /* LaunchScreen.storyboard */ = {
			isa = PBXVariantGroup;
			children = (
				04045C2E1DDFA010002BBD07 /* Base */,
			);
			name = LaunchScreen.storyboard;
			sourceTree = "<group>";
		};
/* End PBXVariantGroup section */

/* Begin XCBuildConfiguration section */
		04045C471DDFA010002BBD07 /* Debug */ = {
			isa = XCBuildConfiguration;
			buildSettings = {
				ALWAYS_EMBED_SWIFT_STANDARD_LIBRARIES = "$(inherited)";
				ALWAYS_SEARCH_USER_PATHS = NO;
				CLANG_ANALYZER_NONNULL = YES;
				CLANG_CXX_LANGUAGE_STANDARD = "gnu++0x";
				CLANG_CXX_LIBRARY = "libc++";
				CLANG_ENABLE_MODULES = YES;
				CLANG_ENABLE_OBJC_ARC = YES;
				CLANG_WARN_BOOL_CONVERSION = YES;
				CLANG_WARN_CONSTANT_CONVERSION = YES;
				CLANG_WARN_DIRECT_OBJC_ISA_USAGE = YES_ERROR;
				CLANG_WARN_DOCUMENTATION_COMMENTS = YES;
				CLANG_WARN_EMPTY_BODY = YES;
				CLANG_WARN_ENUM_CONVERSION = YES;
				CLANG_WARN_INFINITE_RECURSION = YES;
				CLANG_WARN_INT_CONVERSION = YES;
				CLANG_WARN_OBJC_ROOT_CLASS = YES_ERROR;
				CLANG_WARN_SUSPICIOUS_MOVE = YES;
				CLANG_WARN_SUSPICIOUS_MOVES = YES;
				CLANG_WARN_UNREACHABLE_CODE = YES;
				CLANG_WARN__DUPLICATE_METHOD_MATCH = YES;
				"CODE_SIGN_IDENTITY[sdk=iphoneos*]" = "iPhone Developer";
				COPY_PHASE_STRIP = NO;
				DEBUG_INFORMATION_FORMAT = dwarf;
				ENABLE_STRICT_OBJC_MSGSEND = YES;
				ENABLE_TESTABILITY = YES;
				GCC_C_LANGUAGE_STANDARD = gnu99;
				GCC_DYNAMIC_NO_PIC = NO;
				GCC_NO_COMMON_BLOCKS = YES;
				GCC_OPTIMIZATION_LEVEL = 0;
				GCC_PREPROCESSOR_DEFINITIONS = (
					"DEBUG=1",
					"$(inherited)",
				);
				GCC_WARN_64_TO_32_BIT_CONVERSION = YES;
				GCC_WARN_ABOUT_RETURN_TYPE = YES_ERROR;
				GCC_WARN_UNDECLARED_SELECTOR = YES;
				GCC_WARN_UNINITIALIZED_AUTOS = YES_AGGRESSIVE;
				GCC_WARN_UNUSED_FUNCTION = YES;
				GCC_WARN_UNUSED_VARIABLE = YES;
				IPHONEOS_DEPLOYMENT_TARGET = 9.0;
				MTL_ENABLE_DEBUG_INFO = YES;
				ONLY_ACTIVE_ARCH = YES;
				SDKROOT = iphoneos;
				SWIFT_ACTIVE_COMPILATION_CONDITIONS = DEBUG;
				SWIFT_OBJC_BRIDGING_HEADER = "Bounce/Bounce-Bridging-Header.h";
				SWIFT_OPTIMIZATION_LEVEL = "-Onone";
				TARGETED_DEVICE_FAMILY = "1,2";
			};
			name = Debug;
		};
		04045C481DDFA010002BBD07 /* Release */ = {
			isa = XCBuildConfiguration;
			buildSettings = {
				ALWAYS_EMBED_SWIFT_STANDARD_LIBRARIES = "$(inherited)";
				ALWAYS_SEARCH_USER_PATHS = NO;
				CLANG_ANALYZER_NONNULL = YES;
				CLANG_CXX_LANGUAGE_STANDARD = "gnu++0x";
				CLANG_CXX_LIBRARY = "libc++";
				CLANG_ENABLE_MODULES = YES;
				CLANG_ENABLE_OBJC_ARC = YES;
				CLANG_WARN_BOOL_CONVERSION = YES;
				CLANG_WARN_CONSTANT_CONVERSION = YES;
				CLANG_WARN_DIRECT_OBJC_ISA_USAGE = YES_ERROR;
				CLANG_WARN_DOCUMENTATION_COMMENTS = YES;
				CLANG_WARN_EMPTY_BODY = YES;
				CLANG_WARN_ENUM_CONVERSION = YES;
				CLANG_WARN_INFINITE_RECURSION = YES;
				CLANG_WARN_INT_CONVERSION = YES;
				CLANG_WARN_OBJC_ROOT_CLASS = YES_ERROR;
				CLANG_WARN_SUSPICIOUS_MOVE = YES;
				CLANG_WARN_SUSPICIOUS_MOVES = YES;
				CLANG_WARN_UNREACHABLE_CODE = YES;
				CLANG_WARN__DUPLICATE_METHOD_MATCH = YES;
				"CODE_SIGN_IDENTITY[sdk=iphoneos*]" = "iPhone Developer";
				COPY_PHASE_STRIP = NO;
				DEBUG_INFORMATION_FORMAT = "dwarf-with-dsym";
				ENABLE_NS_ASSERTIONS = NO;
				ENABLE_STRICT_OBJC_MSGSEND = YES;
				GCC_C_LANGUAGE_STANDARD = gnu99;
				GCC_NO_COMMON_BLOCKS = YES;
				GCC_WARN_64_TO_32_BIT_CONVERSION = YES;
				GCC_WARN_ABOUT_RETURN_TYPE = YES_ERROR;
				GCC_WARN_UNDECLARED_SELECTOR = YES;
				GCC_WARN_UNINITIALIZED_AUTOS = YES_AGGRESSIVE;
				GCC_WARN_UNUSED_FUNCTION = YES;
				GCC_WARN_UNUSED_VARIABLE = YES;
				IPHONEOS_DEPLOYMENT_TARGET = 9.0;
				MTL_ENABLE_DEBUG_INFO = NO;
				SDKROOT = iphoneos;
				SWIFT_OBJC_BRIDGING_HEADER = "Bounce/Bounce-Bridging-Header.h";
				SWIFT_OPTIMIZATION_LEVEL = "-Owholemodule";
				TARGETED_DEVICE_FAMILY = "1,2";
				VALIDATE_PRODUCT = YES;
			};
			name = Release;
		};
		04045C4A1DDFA010002BBD07 /* Debug */ = {
			isa = XCBuildConfiguration;
			baseConfigurationReference = 46164DF9B25AAD27BCCFB351 /* Pods-Bounce.debug.xcconfig */;
			buildSettings = {
				ALWAYS_EMBED_SWIFT_STANDARD_LIBRARIES = YES;
				APP_DISPLAY_NAME = "Bounce Debug";
				ASSETCATALOG_COMPILER_APPICON_NAME = AppIcon;
				CODE_SIGN_ENTITLEMENTS = Bounce/Bounce.entitlements;
				DEVELOPMENT_TEAM = 3NP653TDUD;
				INFOPLIST_FILE = "$(SRCROOT)/Bounce/Info.plist";
				IPHONEOS_DEPLOYMENT_TARGET = 9.0;
				LD_RUNPATH_SEARCH_PATHS = "$(inherited) @executable_path/Frameworks";
				PRODUCT_BUNDLE_IDENTIFIER = com.jk.bounce;
				PRODUCT_NAME = "$(TARGET_NAME)";
				SWIFT_OBJC_BRIDGING_HEADER = "Bounce/Bounce-Bridging-Header.h";
				SWIFT_VERSION = 3.0;
			};
			name = Debug;
		};
		04045C4B1DDFA010002BBD07 /* Release */ = {
			isa = XCBuildConfiguration;
			baseConfigurationReference = 7DFA1CE712DC73642348FE02 /* Pods-Bounce.release.xcconfig */;
			buildSettings = {
				ALWAYS_EMBED_SWIFT_STANDARD_LIBRARIES = YES;
				APP_DISPLAY_NAME = Bounce;
				ASSETCATALOG_COMPILER_APPICON_NAME = AppIcon;
				CODE_SIGN_ENTITLEMENTS = Bounce/Bounce.entitlements;
				DEVELOPMENT_TEAM = 3NP653TDUD;
				INFOPLIST_FILE = "$(SRCROOT)/Bounce/Info.plist";
				IPHONEOS_DEPLOYMENT_TARGET = 9.0;
				LD_RUNPATH_SEARCH_PATHS = "$(inherited) @executable_path/Frameworks";
				PRODUCT_BUNDLE_IDENTIFIER = com.jk.bounce;
				PRODUCT_NAME = "$(TARGET_NAME)";
				SWIFT_OBJC_BRIDGING_HEADER = "Bounce/Bounce-Bridging-Header.h";
				SWIFT_VERSION = 3.0;
			};
			name = Release;
		};
		04045C4D1DDFA010002BBD07 /* Debug */ = {
			isa = XCBuildConfiguration;
			baseConfigurationReference = 66A5655F5E418920AF2F3A50 /* Pods-BounceTests.debug.xcconfig */;
			buildSettings = {
				ALWAYS_EMBED_SWIFT_STANDARD_LIBRARIES = "$(inherited)";
				BUNDLE_LOADER = "$(TEST_HOST)";
				DEVELOPMENT_TEAM = 3NP653TDUD;
				INFOPLIST_FILE = BounceTests/Info.plist;
				LD_RUNPATH_SEARCH_PATHS = "$(inherited) @executable_path/Frameworks @loader_path/Frameworks";
				PRODUCT_BUNDLE_IDENTIFIER = com.jk.BounceTests;
				PRODUCT_NAME = "$(TARGET_NAME)";
				SWIFT_VERSION = 3.0;
				TEST_HOST = "$(BUILT_PRODUCTS_DIR)/Bounce.app/Bounce";
			};
			name = Debug;
		};
		04045C4E1DDFA010002BBD07 /* Release */ = {
			isa = XCBuildConfiguration;
			baseConfigurationReference = EBC428A3ECCB2E106C87BA33 /* Pods-BounceTests.release.xcconfig */;
			buildSettings = {
				ALWAYS_EMBED_SWIFT_STANDARD_LIBRARIES = "$(inherited)";
				BUNDLE_LOADER = "$(TEST_HOST)";
				DEVELOPMENT_TEAM = 3NP653TDUD;
				INFOPLIST_FILE = BounceTests/Info.plist;
				LD_RUNPATH_SEARCH_PATHS = "$(inherited) @executable_path/Frameworks @loader_path/Frameworks";
				PRODUCT_BUNDLE_IDENTIFIER = com.jk.BounceTests;
				PRODUCT_NAME = "$(TARGET_NAME)";
				SWIFT_VERSION = 3.0;
				TEST_HOST = "$(BUILT_PRODUCTS_DIR)/Bounce.app/Bounce";
			};
			name = Release;
		};
		04045C501DDFA010002BBD07 /* Debug */ = {
			isa = XCBuildConfiguration;
			baseConfigurationReference = 95A82548479929CA98B707FD /* Pods-BounceUITests.debug.xcconfig */;
			buildSettings = {
				ALWAYS_EMBED_SWIFT_STANDARD_LIBRARIES = "$(inherited)";
				DEVELOPMENT_TEAM = 3NP653TDUD;
				INFOPLIST_FILE = BounceUITests/Info.plist;
				LD_RUNPATH_SEARCH_PATHS = "$(inherited) @executable_path/Frameworks @loader_path/Frameworks";
				PRODUCT_BUNDLE_IDENTIFIER = com.jk.BounceUITests;
				PRODUCT_NAME = "$(TARGET_NAME)";
				SWIFT_VERSION = 3.0;
				TEST_TARGET_NAME = Bounce;
			};
			name = Debug;
		};
		04045C511DDFA010002BBD07 /* Release */ = {
			isa = XCBuildConfiguration;
			baseConfigurationReference = B6546A2000FAF0BC00D408A4 /* Pods-BounceUITests.release.xcconfig */;
			buildSettings = {
				ALWAYS_EMBED_SWIFT_STANDARD_LIBRARIES = "$(inherited)";
				DEVELOPMENT_TEAM = 3NP653TDUD;
				INFOPLIST_FILE = BounceUITests/Info.plist;
				LD_RUNPATH_SEARCH_PATHS = "$(inherited) @executable_path/Frameworks @loader_path/Frameworks";
				PRODUCT_BUNDLE_IDENTIFIER = com.jk.BounceUITests;
				PRODUCT_NAME = "$(TARGET_NAME)";
				SWIFT_VERSION = 3.0;
				TEST_TARGET_NAME = Bounce;
			};
			name = Release;
		};
/* End XCBuildConfiguration section */

/* Begin XCConfigurationList section */
		04045C1C1DDFA010002BBD07 /* Build configuration list for PBXProject "Bounce" */ = {
			isa = XCConfigurationList;
			buildConfigurations = (
				04045C471DDFA010002BBD07 /* Debug */,
				04045C481DDFA010002BBD07 /* Release */,
			);
			defaultConfigurationIsVisible = 0;
			defaultConfigurationName = Release;
		};
		04045C491DDFA010002BBD07 /* Build configuration list for PBXNativeTarget "Bounce" */ = {
			isa = XCConfigurationList;
			buildConfigurations = (
				04045C4A1DDFA010002BBD07 /* Debug */,
				04045C4B1DDFA010002BBD07 /* Release */,
			);
			defaultConfigurationIsVisible = 0;
			defaultConfigurationName = Release;
		};
		04045C4C1DDFA010002BBD07 /* Build configuration list for PBXNativeTarget "BounceTests" */ = {
			isa = XCConfigurationList;
			buildConfigurations = (
				04045C4D1DDFA010002BBD07 /* Debug */,
				04045C4E1DDFA010002BBD07 /* Release */,
			);
			defaultConfigurationIsVisible = 0;
			defaultConfigurationName = Release;
		};
		04045C4F1DDFA010002BBD07 /* Build configuration list for PBXNativeTarget "BounceUITests" */ = {
			isa = XCConfigurationList;
			buildConfigurations = (
				04045C501DDFA010002BBD07 /* Debug */,
				04045C511DDFA010002BBD07 /* Release */,
			);
			defaultConfigurationIsVisible = 0;
			defaultConfigurationName = Release;
		};
/* End XCConfigurationList section */
	};
	rootObject = 04045C191DDFA010002BBD07 /* Project object */;
}
