// !$*UTF8*$!
{
	archiveVersion = 1;
	classes = {
	};
	objectVersion = 46;
	objects = {

/* Begin PBXBuildFile section */
		04045C251DDFA010002BBD07 /* AppDelegate.swift in Sources */ = {isa = PBXBuildFile; fileRef = 04045C241DDFA010002BBD07 /* AppDelegate.swift */; };
		04045C2C1DDFA010002BBD07 /* Assets.xcassets in Resources */ = {isa = PBXBuildFile; fileRef = 04045C2B1DDFA010002BBD07 /* Assets.xcassets */; };
		04045C2F1DDFA010002BBD07 /* LaunchScreen.storyboard in Resources */ = {isa = PBXBuildFile; fileRef = 04045C2D1DDFA010002BBD07 /* LaunchScreen.storyboard */; };
		04045C3A1DDFA010002BBD07 /* BounceTests.swift in Sources */ = {isa = PBXBuildFile; fileRef = 04045C391DDFA010002BBD07 /* BounceTests.swift */; };
		04045C451DDFA010002BBD07 /* BounceUITests.swift in Sources */ = {isa = PBXBuildFile; fileRef = 04045C441DDFA010002BBD07 /* BounceUITests.swift */; };
		04051CC01E065D4400A3FDD6 /* ComposePostViewController.swift in Sources */ = {isa = PBXBuildFile; fileRef = 04051CBE1E065D4400A3FDD6 /* ComposePostViewController.swift */; };
		04051CC31E06708800A3FDD6 /* RoundImageView.swift in Sources */ = {isa = PBXBuildFile; fileRef = 04051CC21E06708800A3FDD6 /* RoundImageView.swift */; };
		040FA9A01E85F61E00C315CD /* PostKeywordCell.swift in Sources */ = {isa = PBXBuildFile; fileRef = 040FA99F1E85F61E00C315CD /* PostKeywordCell.swift */; };
		041032A31E03A94F00B6BDE8 /* MasterCollectionView.swift in Sources */ = {isa = PBXBuildFile; fileRef = 041032A11E03A94F00B6BDE8 /* MasterCollectionView.swift */; };
		041032A81E03B2E000B6BDE8 /* HomePage.swift in Sources */ = {isa = PBXBuildFile; fileRef = 041032A71E03B2E000B6BDE8 /* HomePage.swift */; };
		041032AA1E03B76600B6BDE8 /* MenuCell.swift in Sources */ = {isa = PBXBuildFile; fileRef = 041032A91E03B76600B6BDE8 /* MenuCell.swift */; };
		041032AC1E03B7CC00B6BDE8 /* BaseCollectionViewCell.swift in Sources */ = {isa = PBXBuildFile; fileRef = 041032AB1E03B7CC00B6BDE8 /* BaseCollectionViewCell.swift */; };
		0410DF801E2D8BD200592920 /* PostToolbar.swift in Sources */ = {isa = PBXBuildFile; fileRef = 0410DF7F1E2D8BD200592920 /* PostToolbar.swift */; };
		0410DF821E2DB89A00592920 /* ProfileEditViewController.swift in Sources */ = {isa = PBXBuildFile; fileRef = 0410DF811E2DB89A00592920 /* ProfileEditViewController.swift */; };
		0412EB831DE28382000203E6 /* FloatingTextField.swift in Sources */ = {isa = PBXBuildFile; fileRef = 0412EB821DE28382000203E6 /* FloatingTextField.swift */; };
		0413AB9A1E22C40B00C7198C /* LoginHeaderView.swift in Sources */ = {isa = PBXBuildFile; fileRef = 0413AB991E22C40B00C7198C /* LoginHeaderView.swift */; };
		0413AB9C1E232AC500C7198C /* EmailViewController.swift in Sources */ = {isa = PBXBuildFile; fileRef = 0413AB9B1E232AC500C7198C /* EmailViewController.swift */; };
		0413AB9F1E23357600C7198C /* NameViewController.swift in Sources */ = {isa = PBXBuildFile; fileRef = 0413AB9E1E23357600C7198C /* NameViewController.swift */; };
		0413ABA11E23363B00C7198C /* FormViewController.swift in Sources */ = {isa = PBXBuildFile; fileRef = 0413ABA01E23363B00C7198C /* FormViewController.swift */; };
		0413ABA31E233C4D00C7198C /* UsernameViewController.swift in Sources */ = {isa = PBXBuildFile; fileRef = 0413ABA21E233C4D00C7198C /* UsernameViewController.swift */; };
		0413CECD1E1C6D0800DF9E3C /* ProfileSectionHeader.swift in Sources */ = {isa = PBXBuildFile; fileRef = 0413CECC1E1C6D0800DF9E3C /* ProfileSectionHeader.swift */; };
		0415FD311E97681B00345EBA /* GoogleService-Info.plist in Resources */ = {isa = PBXBuildFile; fileRef = 0415FD301E97681B00345EBA /* GoogleService-Info.plist */; };
		041B39321E1DCA80003E130E /* PostProfileCell.swift in Sources */ = {isa = PBXBuildFile; fileRef = 041B39311E1DCA80003E130E /* PostProfileCell.swift */; };
		041B39361E1DD24E003E130E /* UIViewConstraints.swift in Sources */ = {isa = PBXBuildFile; fileRef = 041B39351E1DD24E003E130E /* UIViewConstraints.swift */; };
		041B39381E1DD73C003E130E /* PostTextCell.swift in Sources */ = {isa = PBXBuildFile; fileRef = 041B39371E1DD73C003E130E /* PostTextCell.swift */; };
		041B393A1E1DDAAA003E130E /* PostButtonsCell.swift in Sources */ = {isa = PBXBuildFile; fileRef = 041B39391E1DDAAA003E130E /* PostButtonsCell.swift */; };
		041B393C1E1DEA9C003E130E /* PostTagsCell.swift in Sources */ = {isa = PBXBuildFile; fileRef = 041B393B1E1DEA9C003E130E /* PostTagsCell.swift */; };
		041E5BF71E0CAF5D002533EF /* RequestsViewController.swift in Sources */ = {isa = PBXBuildFile; fileRef = 041E5BF61E0CAF5D002533EF /* RequestsViewController.swift */; };
		041E5BFA1E0CB6CE002533EF /* RequestsViewCell.swift in Sources */ = {isa = PBXBuildFile; fileRef = 041E5BF81E0CB6CE002533EF /* RequestsViewCell.swift */; };
		041F54301E050FE600D1C767 /* NotificationsPage.swift in Sources */ = {isa = PBXBuildFile; fileRef = 041F542F1E050FE600D1C767 /* NotificationsPage.swift */; };
		04245FBD1E2A3DB000611DA0 /* PostAnonymousCell.swift in Sources */ = {isa = PBXBuildFile; fileRef = 04245FBC1E2A3DB000611DA0 /* PostAnonymousCell.swift */; };
		0428F6E21E206496002093DB /* RelatersViewController.swift in Sources */ = {isa = PBXBuildFile; fileRef = 0428F6E11E206496002093DB /* RelatersViewController.swift */; };
		0428F6E41E206617002093DB /* RelatersCell.swift in Sources */ = {isa = PBXBuildFile; fileRef = 0428F6E31E206617002093DB /* RelatersCell.swift */; };
		04344DA41EB59F59001FB2E2 /* StoreKit.framework in Frameworks */ = {isa = PBXBuildFile; fileRef = 04344DA31EB59F59001FB2E2 /* StoreKit.framework */; };
		0434766D1E2F0B65008B1E9E /* EditUserInfoBaseCell.swift in Sources */ = {isa = PBXBuildFile; fileRef = 0434766C1E2F0B64008B1E9E /* EditUserInfoBaseCell.swift */; };
		043CA73F1EBAC69800C8BF41 /* PostViewController.swift in Sources */ = {isa = PBXBuildFile; fileRef = 043CA73E1EBAC69800C8BF41 /* PostViewController.swift */; };
		0442E0AB1E2AC28200B7BC4D /* PostAddTagsCell.swift in Sources */ = {isa = PBXBuildFile; fileRef = 0442E0AA1E2AC28200B7BC4D /* PostAddTagsCell.swift */; };
		0442E0AD1E2AE9AC00B7BC4D /* ResolveChatViewController.swift in Sources */ = {isa = PBXBuildFile; fileRef = 0442E0AC1E2AE9AC00B7BC4D /* ResolveChatViewController.swift */; };
		0442E0AF1E2B05DD00B7BC4D /* RegisterStripeViewController.swift in Sources */ = {isa = PBXBuildFile; fileRef = 0442E0AE1E2B05DD00B7BC4D /* RegisterStripeViewController.swift */; };
		0443FA991E98632400F6CD4E /* PageViewController.swift in Sources */ = {isa = PBXBuildFile; fileRef = 0443FA981E98632400F6CD4E /* PageViewController.swift */; };
		0443FA9B1E98635B00F6CD4E /* NotificationsViewController.swift in Sources */ = {isa = PBXBuildFile; fileRef = 0443FA9A1E98635B00F6CD4E /* NotificationsViewController.swift */; };
		0443FA9D1E98668B00F6CD4E /* PostsViewController.swift in Sources */ = {isa = PBXBuildFile; fileRef = 0443FA9C1E98668B00F6CD4E /* PostsViewController.swift */; };
		0443FA9F1E98688900F6CD4E /* ChatListViewController.swift in Sources */ = {isa = PBXBuildFile; fileRef = 0443FA9E1E98688900F6CD4E /* ChatListViewController.swift */; };
		0443FAA11E98691300F6CD4E /* BaseTableViewController.swift in Sources */ = {isa = PBXBuildFile; fileRef = 0443FAA01E98691300F6CD4E /* BaseTableViewController.swift */; };
		0445D4101E4ABC6500DC051E /* ImageHelper.swift in Sources */ = {isa = PBXBuildFile; fileRef = 0445D40F1E4ABC6500DC051E /* ImageHelper.swift */; };
		04461A941E1F4244008160A1 /* PostNameCell.swift in Sources */ = {isa = PBXBuildFile; fileRef = 04461A931E1F4244008160A1 /* PostNameCell.swift */; };
		04461A961E1F45BC008160A1 /* PostComposeCell.swift in Sources */ = {isa = PBXBuildFile; fileRef = 04461A951E1F45BC008160A1 /* PostComposeCell.swift */; };
		045248081E08A1F5007D6C3E /* ChatSettings.swift in Sources */ = {isa = PBXBuildFile; fileRef = 045248061E08A1F5007D6C3E /* ChatSettings.swift */; };
		045332EC1E947F2300B2CD67 /* MessagesHeaderView.swift in Sources */ = {isa = PBXBuildFile; fileRef = 045332EB1E947F2300B2CD67 /* MessagesHeaderView.swift */; };
		0453572E1DE2E8DB006668BF /* FontAwesome.otf in Resources */ = {isa = PBXBuildFile; fileRef = 0453572D1DE2E8BF006668BF /* FontAwesome.otf */; };
		0457304D1E91A771001A2268 /* ToggleCell.swift in Sources */ = {isa = PBXBuildFile; fileRef = 0457304C1E91A771001A2268 /* ToggleCell.swift */; };
		0457304F1E91A8B0001A2268 /* DestructiveCell.swift in Sources */ = {isa = PBXBuildFile; fileRef = 0457304E1E91A8B0001A2268 /* DestructiveCell.swift */; };
		045AB28F1DFE70EB009D9394 /* User.swift in Sources */ = {isa = PBXBuildFile; fileRef = 045AB28E1DFE70EB009D9394 /* User.swift */; };
		045AB2921DFE71B1009D9394 /* Post.swift in Sources */ = {isa = PBXBuildFile; fileRef = 045AB2911DFE71B1009D9394 /* Post.swift */; };
		045AB2941DFE777F009D9394 /* TabBarController.swift in Sources */ = {isa = PBXBuildFile; fileRef = 045AB2931DFE777F009D9394 /* TabBarController.swift */; };
		045AB2961DFE7970009D9394 /* TransitioningObject.swift in Sources */ = {isa = PBXBuildFile; fileRef = 045AB2951DFE7970009D9394 /* TransitioningObject.swift */; };
		045DAC3D1DDFB08A00BF3939 /* CircleButton.swift in Sources */ = {isa = PBXBuildFile; fileRef = 045DAC3C1DDFB08A00BF3939 /* CircleButton.swift */; };
		046D567A1E342BF200409034 /* DatePickerViewController.swift in Sources */ = {isa = PBXBuildFile; fileRef = 046D56791E342BF200409034 /* DatePickerViewController.swift */; };
		046D567C1E34451B00409034 /* FormNavigationBar.swift in Sources */ = {isa = PBXBuildFile; fileRef = 046D567B1E34451B00409034 /* FormNavigationBar.swift */; };
		0470790A1E060BA10059C360 /* RequestsPreviewCell.swift in Sources */ = {isa = PBXBuildFile; fileRef = 047079091E060BA10059C360 /* RequestsPreviewCell.swift */; };
		0470790C1E0612E90059C360 /* NotificationsCell.swift in Sources */ = {isa = PBXBuildFile; fileRef = 0470790B1E0612E90059C360 /* NotificationsCell.swift */; };
		0474C1DA1E2379B900F20704 /* PasswordViewController.swift in Sources */ = {isa = PBXBuildFile; fileRef = 0474C1D91E2379B900F20704 /* PasswordViewController.swift */; };
		0475D2871E8E114400F0D03A /* EditProfileSectionHeader.swift in Sources */ = {isa = PBXBuildFile; fileRef = 0475D2861E8E114400F0D03A /* EditProfileSectionHeader.swift */; };
		0483C1E11E285356003508F2 /* CardRegistrationViewController.swift in Sources */ = {isa = PBXBuildFile; fileRef = 0483C1E01E285356003508F2 /* CardRegistrationViewController.swift */; };
		048A20931E9C63390032FEE1 /* SettingsToggleCell.swift in Sources */ = {isa = PBXBuildFile; fileRef = 048A20921E9C63390032FEE1 /* SettingsToggleCell.swift */; };
		049AB6B11DFE841F00B45DC3 /* ChatList.swift in Sources */ = {isa = PBXBuildFile; fileRef = 049AB6B01DFE841F00B45DC3 /* ChatList.swift */; };
		049AB6B41DFE869700B45DC3 /* ChatListCell.swift in Sources */ = {isa = PBXBuildFile; fileRef = 049AB6B21DFE869700B45DC3 /* ChatListCell.swift */; };
		049AB6B71DFE8E5000B45DC3 /* Chat.swift in Sources */ = {isa = PBXBuildFile; fileRef = 049AB6B61DFE8E5000B45DC3 /* Chat.swift */; };
		04A66B901DE68F0100D7EC91 /* MessagesViewController.swift in Sources */ = {isa = PBXBuildFile; fileRef = 04A66B8F1DE68F0100D7EC91 /* MessagesViewController.swift */; };
		04A6C7D71DDFB154004EFE14 /* GlobalConstants.swift in Sources */ = {isa = PBXBuildFile; fileRef = 04A6C7D61DDFB154004EFE14 /* GlobalConstants.swift */; };
		04A6C7D91DDFC548004EFE14 /* Animations.swift in Sources */ = {isa = PBXBuildFile; fileRef = 04A6C7D81DDFC548004EFE14 /* Animations.swift */; };
		04A97E691E20C5D4008DA2A3 /* AccountProfileHeader.swift in Sources */ = {isa = PBXBuildFile; fileRef = 04A97E681E20C5D4008DA2A3 /* AccountProfileHeader.swift */; };
		04A97E6B1E20CE57008DA2A3 /* ProfileStatsHeaderView.swift in Sources */ = {isa = PBXBuildFile; fileRef = 04A97E6A1E20CE57008DA2A3 /* ProfileStatsHeaderView.swift */; };
		04A97E6D1E20D02F008DA2A3 /* MenuBar.swift in Sources */ = {isa = PBXBuildFile; fileRef = 04A97E6C1E20D02F008DA2A3 /* MenuBar.swift */; };
		04A97E6F1E20D2C1008DA2A3 /* AccountStatsCollectionView.swift in Sources */ = {isa = PBXBuildFile; fileRef = 04A97E6E1E20D2C1008DA2A3 /* AccountStatsCollectionView.swift */; };
		04A97E711E20D607008DA2A3 /* AccountPostsTableView.swift in Sources */ = {isa = PBXBuildFile; fileRef = 04A97E701E20D607008DA2A3 /* AccountPostsTableView.swift */; };
		04AF68511DFF748600216652 /* Message.swift in Sources */ = {isa = PBXBuildFile; fileRef = 04AF68501DFF748600216652 /* Message.swift */; };
		04B159E91DDFFBE200B6C74C /* FirebaseService.swift in Sources */ = {isa = PBXBuildFile; fileRef = 04B159E81DDFFBE200B6C74C /* FirebaseService.swift */; };
		04B29A5F1E35B57000347821 /* SettingsViewController.swift in Sources */ = {isa = PBXBuildFile; fileRef = 04B29A5E1E35B57000347821 /* SettingsViewController.swift */; };
		04B8EC471E496A60004E45FC /* Relater.swift in Sources */ = {isa = PBXBuildFile; fileRef = 04B8EC461E496A60004E45FC /* Relater.swift */; };
		04BBE56D1E13698800D4559E /* ProfileInfoCell.swift in Sources */ = {isa = PBXBuildFile; fileRef = 04BBE56B1E13698800D4559E /* ProfileInfoCell.swift */; };
		04BBE5711E13706D00D4559E /* ProfileImageCell.swift in Sources */ = {isa = PBXBuildFile; fileRef = 04BBE56F1E13706D00D4559E /* ProfileImageCell.swift */; };
		04BD6EC01E0C986C00036DC7 /* RequestsPreview.swift in Sources */ = {isa = PBXBuildFile; fileRef = 04BD6EBF1E0C986C00036DC7 /* RequestsPreview.swift */; };
		04D45AB71DE2C6FD00A6B317 /* ChangeRootVC.swift in Sources */ = {isa = PBXBuildFile; fileRef = 04D45AB61DE2C6FD00A6B317 /* ChangeRootVC.swift */; };
		04D9949A1E19F6BF00A46700 /* TextWithHorizontalBars.swift in Sources */ = {isa = PBXBuildFile; fileRef = 04D994991E19F6BF00A46700 /* TextWithHorizontalBars.swift */; };
		04DDD87B1E1F286E0023EE70 /* SortDictionary.swift in Sources */ = {isa = PBXBuildFile; fileRef = 04DDD87A1E1F286E0023EE70 /* SortDictionary.swift */; };
		04DDD87D1E1F2DD00023EE70 /* BaseTableViewCell.swift in Sources */ = {isa = PBXBuildFile; fileRef = 04DDD87C1E1F2DD00023EE70 /* BaseTableViewCell.swift */; };
		04DF310C1DE2EC160068E59B /* DismissKeyboard.swift in Sources */ = {isa = PBXBuildFile; fileRef = 04DF310B1DE2EC160068E59B /* DismissKeyboard.swift */; };
		04DF310E1DE2EE4B0068E59B /* UserDefaultsHelper.swift in Sources */ = {isa = PBXBuildFile; fileRef = 04DF310D1DE2EE4B0068E59B /* UserDefaultsHelper.swift */; };
		04DF31101DE2EEFB0068E59B /* RoundButton.swift in Sources */ = {isa = PBXBuildFile; fileRef = 04DF310F1DE2EEFB0068E59B /* RoundButton.swift */; };
		04DF9D911E84CDD8001BBF10 /* FooterView.swift in Sources */ = {isa = PBXBuildFile; fileRef = 04DF9D901E84CDD8001BBF10 /* FooterView.swift */; };
		04E3FA081E90BB4E008F552A /* PaymentAmountButton.swift in Sources */ = {isa = PBXBuildFile; fileRef = 04E3FA071E90BB4E008F552A /* PaymentAmountButton.swift */; };
		04E459B91DE15AD5006003DF /* EmailLoginViewController.swift in Sources */ = {isa = PBXBuildFile; fileRef = 04E459B81DE15AD5006003DF /* EmailLoginViewController.swift */; };
		04E459BF1DE15C3D006003DF /* LoginHome.swift in Sources */ = {isa = PBXBuildFile; fileRef = 04E459BD1DE15C3D006003DF /* LoginHome.swift */; };
		04E4A65C1E94C23A00CFE8CC /* NavigationController.swift in Sources */ = {isa = PBXBuildFile; fileRef = 04E4A65B1E94C23A00CFE8CC /* NavigationController.swift */; };
		04E754611E0F6E5E00883B38 /* AccountViewController.swift in Sources */ = {isa = PBXBuildFile; fileRef = 04E754601E0F6E5E00883B38 /* AccountViewController.swift */; };
		04E9D9161E1B605F00B29986 /* HorizontalBar.swift in Sources */ = {isa = PBXBuildFile; fileRef = 04E9D9151E1B605F00B29986 /* HorizontalBar.swift */; };
		04EA04781E12078C00B0A984 /* ProfileViewController.swift in Sources */ = {isa = PBXBuildFile; fileRef = 04EA04771E12078C00B0A984 /* ProfileViewController.swift */; };
		04EA04801E121C1C00B0A984 /* ProfileExpertiseCell.swift in Sources */ = {isa = PBXBuildFile; fileRef = 04EA047E1E121C1C00B0A984 /* ProfileExpertiseCell.swift */; };
		04EA04841E121D3600B0A984 /* ProfileSummaryCell.swift in Sources */ = {isa = PBXBuildFile; fileRef = 04EA04821E121D3600B0A984 /* ProfileSummaryCell.swift */; };
		04F18BC01E60FB6B00AF9FF5 /* UserInfoPickerViewController.swift in Sources */ = {isa = PBXBuildFile; fileRef = 04F18BBF1E60FB6B00AF9FF5 /* UserInfoPickerViewController.swift */; };
		04F4EFA31E0A5DE700F1DDFA /* Date.swift in Sources */ = {isa = PBXBuildFile; fileRef = 04F4EFA21E0A5DE700F1DDFA /* Date.swift */; };
		04F6EFBE1E0B6C1D0055015F /* Notification.swift in Sources */ = {isa = PBXBuildFile; fileRef = 04F6EFBD1E0B6C1D0055015F /* Notification.swift */; };
		04F9BB201E358D6700724549 /* EditUserImageCell.swift in Sources */ = {isa = PBXBuildFile; fileRef = 04F9BB1F1E358D6700724549 /* EditUserImageCell.swift */; };
		04F9BB221E3594FC00724549 /* EditUserSummaryCell.swift in Sources */ = {isa = PBXBuildFile; fileRef = 04F9BB211E3594FC00724549 /* EditUserSummaryCell.swift */; };
		04FC41131E30559C00F59132 /* EditUserInfoSearchCell.swift in Sources */ = {isa = PBXBuildFile; fileRef = 04FC41121E30559C00F59132 /* EditUserInfoSearchCell.swift */; };
		28DC166C665F928AA6088372 /* Pods_BounceTests.framework in Frameworks */ = {isa = PBXBuildFile; fileRef = 8FAA19DACCD76D2FE8D5DBF0 /* Pods_BounceTests.framework */; };
		5DAE27372C9348101770911C /* Pods_dtto.framework in Frameworks */ = {isa = PBXBuildFile; fileRef = D6D31459ECB2325DB96E01AC /* Pods_dtto.framework */; };
		A337F8F8F60A35207990BB24 /* Pods_BounceUITests.framework in Frameworks */ = {isa = PBXBuildFile; fileRef = 7B733A0649D325DDC329C2D5 /* Pods_BounceUITests.framework */; };
		F687C9F5D36DAA9DFEF4FA7F /* Pods_dttoTests.framework in Frameworks */ = {isa = PBXBuildFile; fileRef = 5E9C994C354F59F95DF6588A /* Pods_dttoTests.framework */; };
		FCD96CA255EA5EB63A76171E /* Pods_dttoUITests.framework in Frameworks */ = {isa = PBXBuildFile; fileRef = 879AAA5584D989B2E0A55122 /* Pods_dttoUITests.framework */; };
/* End PBXBuildFile section */

/* Begin PBXContainerItemProxy section */
		04045C361DDFA010002BBD07 /* PBXContainerItemProxy */ = {
			isa = PBXContainerItemProxy;
			containerPortal = 04045C191DDFA010002BBD07 /* Project object */;
			proxyType = 1;
			remoteGlobalIDString = 04045C201DDFA010002BBD07;
			remoteInfo = Mock;
		};
		04045C411DDFA010002BBD07 /* PBXContainerItemProxy */ = {
			isa = PBXContainerItemProxy;
			containerPortal = 04045C191DDFA010002BBD07 /* Project object */;
			proxyType = 1;
			remoteGlobalIDString = 04045C201DDFA010002BBD07;
			remoteInfo = Mock;
		};
/* End PBXContainerItemProxy section */

/* Begin PBXCopyFilesBuildPhase section */
		04CFA1721E0C5E0F00ACD064 /* Embed Frameworks */ = {
			isa = PBXCopyFilesBuildPhase;
			buildActionMask = 2147483647;
			dstPath = "";
			dstSubfolderSpec = 10;
			files = (
			);
			name = "Embed Frameworks";
			runOnlyForDeploymentPostprocessing = 0;
		};
/* End PBXCopyFilesBuildPhase section */

/* Begin PBXFileReference section */
		04045C211DDFA010002BBD07 /* dtto.app */ = {isa = PBXFileReference; explicitFileType = wrapper.application; includeInIndex = 0; path = dtto.app; sourceTree = BUILT_PRODUCTS_DIR; };
		04045C241DDFA010002BBD07 /* AppDelegate.swift */ = {isa = PBXFileReference; lastKnownFileType = sourcecode.swift; path = AppDelegate.swift; sourceTree = "<group>"; };
		04045C2B1DDFA010002BBD07 /* Assets.xcassets */ = {isa = PBXFileReference; lastKnownFileType = folder.assetcatalog; path = Assets.xcassets; sourceTree = "<group>"; };
		04045C2E1DDFA010002BBD07 /* Base */ = {isa = PBXFileReference; lastKnownFileType = file.storyboard; name = Base; path = Base.lproj/LaunchScreen.storyboard; sourceTree = "<group>"; };
		04045C301DDFA010002BBD07 /* Info.plist */ = {isa = PBXFileReference; lastKnownFileType = text.plist.xml; path = Info.plist; sourceTree = "<group>"; };
		04045C351DDFA010002BBD07 /* dttoTests.xctest */ = {isa = PBXFileReference; explicitFileType = wrapper.cfbundle; includeInIndex = 0; path = dttoTests.xctest; sourceTree = BUILT_PRODUCTS_DIR; };
		04045C391DDFA010002BBD07 /* BounceTests.swift */ = {isa = PBXFileReference; lastKnownFileType = sourcecode.swift; path = BounceTests.swift; sourceTree = "<group>"; };
		04045C3B1DDFA010002BBD07 /* Info.plist */ = {isa = PBXFileReference; lastKnownFileType = text.plist.xml; path = Info.plist; sourceTree = "<group>"; };
		04045C401DDFA010002BBD07 /* dttoUITests.xctest */ = {isa = PBXFileReference; explicitFileType = wrapper.cfbundle; includeInIndex = 0; path = dttoUITests.xctest; sourceTree = BUILT_PRODUCTS_DIR; };
		04045C441DDFA010002BBD07 /* BounceUITests.swift */ = {isa = PBXFileReference; lastKnownFileType = sourcecode.swift; path = BounceUITests.swift; sourceTree = "<group>"; };
		04045C461DDFA010002BBD07 /* Info.plist */ = {isa = PBXFileReference; lastKnownFileType = text.plist.xml; path = Info.plist; sourceTree = "<group>"; };
		04051CBE1E065D4400A3FDD6 /* ComposePostViewController.swift */ = {isa = PBXFileReference; fileEncoding = 4; lastKnownFileType = sourcecode.swift; path = ComposePostViewController.swift; sourceTree = "<group>"; };
		04051CC21E06708800A3FDD6 /* RoundImageView.swift */ = {isa = PBXFileReference; fileEncoding = 4; lastKnownFileType = sourcecode.swift; path = RoundImageView.swift; sourceTree = "<group>"; };
		040FA99F1E85F61E00C315CD /* PostKeywordCell.swift */ = {isa = PBXFileReference; fileEncoding = 4; lastKnownFileType = sourcecode.swift; path = PostKeywordCell.swift; sourceTree = "<group>"; };
		041032A11E03A94F00B6BDE8 /* MasterCollectionView.swift */ = {isa = PBXFileReference; fileEncoding = 4; lastKnownFileType = sourcecode.swift; path = MasterCollectionView.swift; sourceTree = "<group>"; };
		041032A71E03B2E000B6BDE8 /* HomePage.swift */ = {isa = PBXFileReference; fileEncoding = 4; lastKnownFileType = sourcecode.swift; path = HomePage.swift; sourceTree = "<group>"; };
		041032A91E03B76600B6BDE8 /* MenuCell.swift */ = {isa = PBXFileReference; fileEncoding = 4; lastKnownFileType = sourcecode.swift; path = MenuCell.swift; sourceTree = "<group>"; };
		041032AB1E03B7CC00B6BDE8 /* BaseCollectionViewCell.swift */ = {isa = PBXFileReference; fileEncoding = 4; lastKnownFileType = sourcecode.swift; path = BaseCollectionViewCell.swift; sourceTree = "<group>"; };
		0410DF7F1E2D8BD200592920 /* PostToolbar.swift */ = {isa = PBXFileReference; fileEncoding = 4; lastKnownFileType = sourcecode.swift; path = PostToolbar.swift; sourceTree = "<group>"; };
		0410DF811E2DB89A00592920 /* ProfileEditViewController.swift */ = {isa = PBXFileReference; fileEncoding = 4; lastKnownFileType = sourcecode.swift; path = ProfileEditViewController.swift; sourceTree = "<group>"; };
		0412EB821DE28382000203E6 /* FloatingTextField.swift */ = {isa = PBXFileReference; fileEncoding = 4; lastKnownFileType = sourcecode.swift; path = FloatingTextField.swift; sourceTree = "<group>"; };
		0413AB991E22C40B00C7198C /* LoginHeaderView.swift */ = {isa = PBXFileReference; fileEncoding = 4; lastKnownFileType = sourcecode.swift; path = LoginHeaderView.swift; sourceTree = "<group>"; };
		0413AB9B1E232AC500C7198C /* EmailViewController.swift */ = {isa = PBXFileReference; fileEncoding = 4; lastKnownFileType = sourcecode.swift; path = EmailViewController.swift; sourceTree = "<group>"; };
		0413AB9E1E23357600C7198C /* NameViewController.swift */ = {isa = PBXFileReference; fileEncoding = 4; lastKnownFileType = sourcecode.swift; path = NameViewController.swift; sourceTree = "<group>"; };
		0413ABA01E23363B00C7198C /* FormViewController.swift */ = {isa = PBXFileReference; fileEncoding = 4; lastKnownFileType = sourcecode.swift; path = FormViewController.swift; sourceTree = "<group>"; };
		0413ABA21E233C4D00C7198C /* UsernameViewController.swift */ = {isa = PBXFileReference; fileEncoding = 4; lastKnownFileType = sourcecode.swift; path = UsernameViewController.swift; sourceTree = "<group>"; };
		0413CECC1E1C6D0800DF9E3C /* ProfileSectionHeader.swift */ = {isa = PBXFileReference; fileEncoding = 4; lastKnownFileType = sourcecode.swift; path = ProfileSectionHeader.swift; sourceTree = "<group>"; };
		0415FD301E97681B00345EBA /* GoogleService-Info.plist */ = {isa = PBXFileReference; fileEncoding = 4; lastKnownFileType = text.plist.xml; path = "GoogleService-Info.plist"; sourceTree = "<group>"; };
		041B39311E1DCA80003E130E /* PostProfileCell.swift */ = {isa = PBXFileReference; fileEncoding = 4; lastKnownFileType = sourcecode.swift; path = PostProfileCell.swift; sourceTree = "<group>"; };
		041B39351E1DD24E003E130E /* UIViewConstraints.swift */ = {isa = PBXFileReference; fileEncoding = 4; lastKnownFileType = sourcecode.swift; path = UIViewConstraints.swift; sourceTree = "<group>"; };
		041B39371E1DD73C003E130E /* PostTextCell.swift */ = {isa = PBXFileReference; fileEncoding = 4; lastKnownFileType = sourcecode.swift; path = PostTextCell.swift; sourceTree = "<group>"; };
		041B39391E1DDAAA003E130E /* PostButtonsCell.swift */ = {isa = PBXFileReference; fileEncoding = 4; lastKnownFileType = sourcecode.swift; path = PostButtonsCell.swift; sourceTree = "<group>"; };
		041B393B1E1DEA9C003E130E /* PostTagsCell.swift */ = {isa = PBXFileReference; fileEncoding = 4; lastKnownFileType = sourcecode.swift; path = PostTagsCell.swift; sourceTree = "<group>"; };
		041E5BF61E0CAF5D002533EF /* RequestsViewController.swift */ = {isa = PBXFileReference; fileEncoding = 4; lastKnownFileType = sourcecode.swift; path = RequestsViewController.swift; sourceTree = "<group>"; };
		041E5BF81E0CB6CE002533EF /* RequestsViewCell.swift */ = {isa = PBXFileReference; fileEncoding = 4; lastKnownFileType = sourcecode.swift; path = RequestsViewCell.swift; sourceTree = "<group>"; };
		041F542F1E050FE600D1C767 /* NotificationsPage.swift */ = {isa = PBXFileReference; fileEncoding = 4; lastKnownFileType = sourcecode.swift; path = NotificationsPage.swift; sourceTree = "<group>"; };
		04245FBC1E2A3DB000611DA0 /* PostAnonymousCell.swift */ = {isa = PBXFileReference; fileEncoding = 4; lastKnownFileType = sourcecode.swift; path = PostAnonymousCell.swift; sourceTree = "<group>"; };
		0428F6E11E206496002093DB /* RelatersViewController.swift */ = {isa = PBXFileReference; fileEncoding = 4; lastKnownFileType = sourcecode.swift; path = RelatersViewController.swift; sourceTree = "<group>"; };
		0428F6E31E206617002093DB /* RelatersCell.swift */ = {isa = PBXFileReference; fileEncoding = 4; lastKnownFileType = sourcecode.swift; path = RelatersCell.swift; sourceTree = "<group>"; };
		04344DA31EB59F59001FB2E2 /* StoreKit.framework */ = {isa = PBXFileReference; lastKnownFileType = wrapper.framework; name = StoreKit.framework; path = System/Library/Frameworks/StoreKit.framework; sourceTree = SDKROOT; };
		0434766C1E2F0B64008B1E9E /* EditUserInfoBaseCell.swift */ = {isa = PBXFileReference; fileEncoding = 4; lastKnownFileType = sourcecode.swift; path = EditUserInfoBaseCell.swift; sourceTree = "<group>"; };
		043CA73E1EBAC69800C8BF41 /* PostViewController.swift */ = {isa = PBXFileReference; fileEncoding = 4; lastKnownFileType = sourcecode.swift; path = PostViewController.swift; sourceTree = "<group>"; };
		0442E0AA1E2AC28200B7BC4D /* PostAddTagsCell.swift */ = {isa = PBXFileReference; fileEncoding = 4; lastKnownFileType = sourcecode.swift; path = PostAddTagsCell.swift; sourceTree = "<group>"; };
		0442E0AC1E2AE9AC00B7BC4D /* ResolveChatViewController.swift */ = {isa = PBXFileReference; fileEncoding = 4; lastKnownFileType = sourcecode.swift; path = ResolveChatViewController.swift; sourceTree = "<group>"; };
		0442E0AE1E2B05DD00B7BC4D /* RegisterStripeViewController.swift */ = {isa = PBXFileReference; fileEncoding = 4; lastKnownFileType = sourcecode.swift; path = RegisterStripeViewController.swift; sourceTree = "<group>"; };
		0443FA981E98632400F6CD4E /* PageViewController.swift */ = {isa = PBXFileReference; fileEncoding = 4; lastKnownFileType = sourcecode.swift; path = PageViewController.swift; sourceTree = "<group>"; };
		0443FA9A1E98635B00F6CD4E /* NotificationsViewController.swift */ = {isa = PBXFileReference; fileEncoding = 4; lastKnownFileType = sourcecode.swift; path = NotificationsViewController.swift; sourceTree = "<group>"; };
		0443FA9C1E98668B00F6CD4E /* PostsViewController.swift */ = {isa = PBXFileReference; fileEncoding = 4; lastKnownFileType = sourcecode.swift; path = PostsViewController.swift; sourceTree = "<group>"; };
		0443FA9E1E98688900F6CD4E /* ChatListViewController.swift */ = {isa = PBXFileReference; fileEncoding = 4; lastKnownFileType = sourcecode.swift; path = ChatListViewController.swift; sourceTree = "<group>"; };
		0443FAA01E98691300F6CD4E /* BaseTableViewController.swift */ = {isa = PBXFileReference; fileEncoding = 4; lastKnownFileType = sourcecode.swift; path = BaseTableViewController.swift; sourceTree = "<group>"; };
		0445D40F1E4ABC6500DC051E /* ImageHelper.swift */ = {isa = PBXFileReference; fileEncoding = 4; lastKnownFileType = sourcecode.swift; path = ImageHelper.swift; sourceTree = "<group>"; };
		04461A931E1F4244008160A1 /* PostNameCell.swift */ = {isa = PBXFileReference; fileEncoding = 4; lastKnownFileType = sourcecode.swift; path = PostNameCell.swift; sourceTree = "<group>"; };
		04461A951E1F45BC008160A1 /* PostComposeCell.swift */ = {isa = PBXFileReference; fileEncoding = 4; lastKnownFileType = sourcecode.swift; path = PostComposeCell.swift; sourceTree = "<group>"; };
		045248061E08A1F5007D6C3E /* ChatSettings.swift */ = {isa = PBXFileReference; fileEncoding = 4; lastKnownFileType = sourcecode.swift; path = ChatSettings.swift; sourceTree = "<group>"; };
		045332EB1E947F2300B2CD67 /* MessagesHeaderView.swift */ = {isa = PBXFileReference; fileEncoding = 4; lastKnownFileType = sourcecode.swift; path = MessagesHeaderView.swift; sourceTree = "<group>"; };
		0453572D1DE2E8BF006668BF /* FontAwesome.otf */ = {isa = PBXFileReference; lastKnownFileType = file; path = FontAwesome.otf; sourceTree = "<group>"; };
		0457304C1E91A771001A2268 /* ToggleCell.swift */ = {isa = PBXFileReference; fileEncoding = 4; lastKnownFileType = sourcecode.swift; path = ToggleCell.swift; sourceTree = "<group>"; };
		0457304E1E91A8B0001A2268 /* DestructiveCell.swift */ = {isa = PBXFileReference; fileEncoding = 4; lastKnownFileType = sourcecode.swift; path = DestructiveCell.swift; sourceTree = "<group>"; };
		045AB28E1DFE70EB009D9394 /* User.swift */ = {isa = PBXFileReference; fileEncoding = 4; lastKnownFileType = sourcecode.swift; path = User.swift; sourceTree = "<group>"; };
		045AB2911DFE71B1009D9394 /* Post.swift */ = {isa = PBXFileReference; fileEncoding = 4; lastKnownFileType = sourcecode.swift; path = Post.swift; sourceTree = "<group>"; };
		045AB2931DFE777F009D9394 /* TabBarController.swift */ = {isa = PBXFileReference; fileEncoding = 4; lastKnownFileType = sourcecode.swift; path = TabBarController.swift; sourceTree = "<group>"; };
		045AB2951DFE7970009D9394 /* TransitioningObject.swift */ = {isa = PBXFileReference; fileEncoding = 4; lastKnownFileType = sourcecode.swift; path = TransitioningObject.swift; sourceTree = "<group>"; };
		045DAC3C1DDFB08A00BF3939 /* CircleButton.swift */ = {isa = PBXFileReference; fileEncoding = 4; lastKnownFileType = sourcecode.swift; path = CircleButton.swift; sourceTree = "<group>"; };
		046D56791E342BF200409034 /* DatePickerViewController.swift */ = {isa = PBXFileReference; fileEncoding = 4; lastKnownFileType = sourcecode.swift; path = DatePickerViewController.swift; sourceTree = "<group>"; };
		046D567B1E34451B00409034 /* FormNavigationBar.swift */ = {isa = PBXFileReference; fileEncoding = 4; lastKnownFileType = sourcecode.swift; path = FormNavigationBar.swift; sourceTree = "<group>"; };
		047079091E060BA10059C360 /* RequestsPreviewCell.swift */ = {isa = PBXFileReference; fileEncoding = 4; lastKnownFileType = sourcecode.swift; path = RequestsPreviewCell.swift; sourceTree = "<group>"; };
		0470790B1E0612E90059C360 /* NotificationsCell.swift */ = {isa = PBXFileReference; fileEncoding = 4; lastKnownFileType = sourcecode.swift; path = NotificationsCell.swift; sourceTree = "<group>"; };
		0474C1D91E2379B900F20704 /* PasswordViewController.swift */ = {isa = PBXFileReference; fileEncoding = 4; lastKnownFileType = sourcecode.swift; path = PasswordViewController.swift; sourceTree = "<group>"; };
		0475D2861E8E114400F0D03A /* EditProfileSectionHeader.swift */ = {isa = PBXFileReference; fileEncoding = 4; lastKnownFileType = sourcecode.swift; path = EditProfileSectionHeader.swift; sourceTree = "<group>"; };
		0483C1E01E285356003508F2 /* CardRegistrationViewController.swift */ = {isa = PBXFileReference; fileEncoding = 4; lastKnownFileType = sourcecode.swift; path = CardRegistrationViewController.swift; sourceTree = "<group>"; };
		048A20921E9C63390032FEE1 /* SettingsToggleCell.swift */ = {isa = PBXFileReference; fileEncoding = 4; lastKnownFileType = sourcecode.swift; path = SettingsToggleCell.swift; sourceTree = "<group>"; };
		049AB6B01DFE841F00B45DC3 /* ChatList.swift */ = {isa = PBXFileReference; fileEncoding = 4; lastKnownFileType = sourcecode.swift; path = ChatList.swift; sourceTree = "<group>"; };
		049AB6B21DFE869700B45DC3 /* ChatListCell.swift */ = {isa = PBXFileReference; fileEncoding = 4; lastKnownFileType = sourcecode.swift; path = ChatListCell.swift; sourceTree = "<group>"; };
		049AB6B61DFE8E5000B45DC3 /* Chat.swift */ = {isa = PBXFileReference; fileEncoding = 4; lastKnownFileType = sourcecode.swift; path = Chat.swift; sourceTree = "<group>"; };
		04A66B8F1DE68F0100D7EC91 /* MessagesViewController.swift */ = {isa = PBXFileReference; fileEncoding = 4; lastKnownFileType = sourcecode.swift; path = MessagesViewController.swift; sourceTree = "<group>"; };
		04A6C7D61DDFB154004EFE14 /* GlobalConstants.swift */ = {isa = PBXFileReference; fileEncoding = 4; lastKnownFileType = sourcecode.swift; path = GlobalConstants.swift; sourceTree = "<group>"; };
		04A6C7D81DDFC548004EFE14 /* Animations.swift */ = {isa = PBXFileReference; fileEncoding = 4; lastKnownFileType = sourcecode.swift; path = Animations.swift; sourceTree = "<group>"; };
		04A97E681E20C5D4008DA2A3 /* AccountProfileHeader.swift */ = {isa = PBXFileReference; fileEncoding = 4; lastKnownFileType = sourcecode.swift; path = AccountProfileHeader.swift; sourceTree = "<group>"; };
		04A97E6A1E20CE57008DA2A3 /* ProfileStatsHeaderView.swift */ = {isa = PBXFileReference; fileEncoding = 4; lastKnownFileType = sourcecode.swift; path = ProfileStatsHeaderView.swift; sourceTree = "<group>"; };
		04A97E6C1E20D02F008DA2A3 /* MenuBar.swift */ = {isa = PBXFileReference; fileEncoding = 4; lastKnownFileType = sourcecode.swift; path = MenuBar.swift; sourceTree = "<group>"; };
		04A97E6E1E20D2C1008DA2A3 /* AccountStatsCollectionView.swift */ = {isa = PBXFileReference; fileEncoding = 4; lastKnownFileType = sourcecode.swift; path = AccountStatsCollectionView.swift; sourceTree = "<group>"; };
		04A97E701E20D607008DA2A3 /* AccountPostsTableView.swift */ = {isa = PBXFileReference; fileEncoding = 4; lastKnownFileType = sourcecode.swift; path = AccountPostsTableView.swift; sourceTree = "<group>"; };
		04AF68501DFF748600216652 /* Message.swift */ = {isa = PBXFileReference; fileEncoding = 4; lastKnownFileType = sourcecode.swift; path = Message.swift; sourceTree = "<group>"; };
		04B159E81DDFFBE200B6C74C /* FirebaseService.swift */ = {isa = PBXFileReference; fileEncoding = 4; lastKnownFileType = sourcecode.swift; path = FirebaseService.swift; sourceTree = "<group>"; };
		04B29A5E1E35B57000347821 /* SettingsViewController.swift */ = {isa = PBXFileReference; fileEncoding = 4; lastKnownFileType = sourcecode.swift; path = SettingsViewController.swift; sourceTree = "<group>"; };
		04B8EC461E496A60004E45FC /* Relater.swift */ = {isa = PBXFileReference; fileEncoding = 4; lastKnownFileType = sourcecode.swift; path = Relater.swift; sourceTree = "<group>"; };
		04BBE56B1E13698800D4559E /* ProfileInfoCell.swift */ = {isa = PBXFileReference; fileEncoding = 4; lastKnownFileType = sourcecode.swift; path = ProfileInfoCell.swift; sourceTree = "<group>"; };
		04BBE56F1E13706D00D4559E /* ProfileImageCell.swift */ = {isa = PBXFileReference; fileEncoding = 4; lastKnownFileType = sourcecode.swift; path = ProfileImageCell.swift; sourceTree = "<group>"; };
		04BD6EBF1E0C986C00036DC7 /* RequestsPreview.swift */ = {isa = PBXFileReference; fileEncoding = 4; lastKnownFileType = sourcecode.swift; path = RequestsPreview.swift; sourceTree = "<group>"; };
		04CFA1791E0C633E00ACD064 /* libsqlite3.tbd */ = {isa = PBXFileReference; lastKnownFileType = "sourcecode.text-based-dylib-definition"; name = libsqlite3.tbd; path = usr/lib/libsqlite3.tbd; sourceTree = SDKROOT; };
		04CFA17B1E0C634700ACD064 /* libz.tbd */ = {isa = PBXFileReference; lastKnownFileType = "sourcecode.text-based-dylib-definition"; name = libz.tbd; path = usr/lib/libz.tbd; sourceTree = SDKROOT; };
		04D45AB61DE2C6FD00A6B317 /* ChangeRootVC.swift */ = {isa = PBXFileReference; fileEncoding = 4; lastKnownFileType = sourcecode.swift; path = ChangeRootVC.swift; sourceTree = "<group>"; };
		04D45ABC1DE2DA1F00A6B317 /* dtto.entitlements */ = {isa = PBXFileReference; lastKnownFileType = text.plist.entitlements; path = dtto.entitlements; sourceTree = "<group>"; };
		04D994991E19F6BF00A46700 /* TextWithHorizontalBars.swift */ = {isa = PBXFileReference; fileEncoding = 4; lastKnownFileType = sourcecode.swift; path = TextWithHorizontalBars.swift; sourceTree = "<group>"; };
		04DDD87A1E1F286E0023EE70 /* SortDictionary.swift */ = {isa = PBXFileReference; fileEncoding = 4; lastKnownFileType = sourcecode.swift; path = SortDictionary.swift; sourceTree = "<group>"; };
		04DDD87C1E1F2DD00023EE70 /* BaseTableViewCell.swift */ = {isa = PBXFileReference; fileEncoding = 4; lastKnownFileType = sourcecode.swift; path = BaseTableViewCell.swift; sourceTree = "<group>"; };
		04DF310B1DE2EC160068E59B /* DismissKeyboard.swift */ = {isa = PBXFileReference; fileEncoding = 4; lastKnownFileType = sourcecode.swift; path = DismissKeyboard.swift; sourceTree = "<group>"; };
		04DF310D1DE2EE4B0068E59B /* UserDefaultsHelper.swift */ = {isa = PBXFileReference; fileEncoding = 4; lastKnownFileType = sourcecode.swift; path = UserDefaultsHelper.swift; sourceTree = "<group>"; };
		04DF310F1DE2EEFB0068E59B /* RoundButton.swift */ = {isa = PBXFileReference; fileEncoding = 4; lastKnownFileType = sourcecode.swift; path = RoundButton.swift; sourceTree = "<group>"; };
		04DF9D901E84CDD8001BBF10 /* FooterView.swift */ = {isa = PBXFileReference; fileEncoding = 4; lastKnownFileType = sourcecode.swift; path = FooterView.swift; sourceTree = "<group>"; };
		04E3FA071E90BB4E008F552A /* PaymentAmountButton.swift */ = {isa = PBXFileReference; fileEncoding = 4; lastKnownFileType = sourcecode.swift; path = PaymentAmountButton.swift; sourceTree = "<group>"; };
		04E459B81DE15AD5006003DF /* EmailLoginViewController.swift */ = {isa = PBXFileReference; fileEncoding = 4; lastKnownFileType = sourcecode.swift; path = EmailLoginViewController.swift; sourceTree = "<group>"; };
		04E459BD1DE15C3D006003DF /* LoginHome.swift */ = {isa = PBXFileReference; fileEncoding = 4; lastKnownFileType = sourcecode.swift; path = LoginHome.swift; sourceTree = "<group>"; };
		04E4A65B1E94C23A00CFE8CC /* NavigationController.swift */ = {isa = PBXFileReference; fileEncoding = 4; lastKnownFileType = sourcecode.swift; path = NavigationController.swift; sourceTree = "<group>"; };
		04E754601E0F6E5E00883B38 /* AccountViewController.swift */ = {isa = PBXFileReference; fileEncoding = 4; lastKnownFileType = sourcecode.swift; path = AccountViewController.swift; sourceTree = "<group>"; };
		04E9D9151E1B605F00B29986 /* HorizontalBar.swift */ = {isa = PBXFileReference; fileEncoding = 4; lastKnownFileType = sourcecode.swift; path = HorizontalBar.swift; sourceTree = "<group>"; };
		04EA04771E12078C00B0A984 /* ProfileViewController.swift */ = {isa = PBXFileReference; fileEncoding = 4; lastKnownFileType = sourcecode.swift; path = ProfileViewController.swift; sourceTree = "<group>"; };
		04EA047E1E121C1C00B0A984 /* ProfileExpertiseCell.swift */ = {isa = PBXFileReference; fileEncoding = 4; lastKnownFileType = sourcecode.swift; path = ProfileExpertiseCell.swift; sourceTree = "<group>"; };
		04EA04821E121D3600B0A984 /* ProfileSummaryCell.swift */ = {isa = PBXFileReference; fileEncoding = 4; lastKnownFileType = sourcecode.swift; path = ProfileSummaryCell.swift; sourceTree = "<group>"; };
		04F18BBF1E60FB6B00AF9FF5 /* UserInfoPickerViewController.swift */ = {isa = PBXFileReference; fileEncoding = 4; lastKnownFileType = sourcecode.swift; path = UserInfoPickerViewController.swift; sourceTree = "<group>"; };
		04F4EFA21E0A5DE700F1DDFA /* Date.swift */ = {isa = PBXFileReference; fileEncoding = 4; lastKnownFileType = sourcecode.swift; path = Date.swift; sourceTree = "<group>"; };
		04F6EFBD1E0B6C1D0055015F /* Notification.swift */ = {isa = PBXFileReference; fileEncoding = 4; lastKnownFileType = sourcecode.swift; path = Notification.swift; sourceTree = "<group>"; };
		04F9BB1F1E358D6700724549 /* EditUserImageCell.swift */ = {isa = PBXFileReference; fileEncoding = 4; lastKnownFileType = sourcecode.swift; path = EditUserImageCell.swift; sourceTree = "<group>"; };
		04F9BB211E3594FC00724549 /* EditUserSummaryCell.swift */ = {isa = PBXFileReference; fileEncoding = 4; lastKnownFileType = sourcecode.swift; path = EditUserSummaryCell.swift; sourceTree = "<group>"; };
		04FAE7A11DE296650074CA39 /* dtto-Bridging-Header.h */ = {isa = PBXFileReference; lastKnownFileType = sourcecode.c.h; path = "dtto-Bridging-Header.h"; sourceTree = "<group>"; };
		04FC41121E30559C00F59132 /* EditUserInfoSearchCell.swift */ = {isa = PBXFileReference; fileEncoding = 4; lastKnownFileType = sourcecode.swift; path = EditUserInfoSearchCell.swift; sourceTree = "<group>"; };
		064C333CAB0646AC1F08ED66 /* Pods_Bounce.framework */ = {isa = PBXFileReference; explicitFileType = wrapper.framework; includeInIndex = 0; path = Pods_Bounce.framework; sourceTree = BUILT_PRODUCTS_DIR; };
		0C26BB6A592EA727E6A2DC6D /* Pods-dttoTests.release.xcconfig */ = {isa = PBXFileReference; includeInIndex = 1; lastKnownFileType = text.xcconfig; name = "Pods-dttoTests.release.xcconfig"; path = "Pods/Target Support Files/Pods-dttoTests/Pods-dttoTests.release.xcconfig"; sourceTree = "<group>"; };
		1B7E1DF596BFBA293A65580E /* Pods-dtto.release.xcconfig */ = {isa = PBXFileReference; includeInIndex = 1; lastKnownFileType = text.xcconfig; name = "Pods-dtto.release.xcconfig"; path = "Pods/Target Support Files/Pods-dtto/Pods-dtto.release.xcconfig"; sourceTree = "<group>"; };
		2EB6FAD829CE81C2E01327C2 /* Pods-dttoUITests.debug.xcconfig */ = {isa = PBXFileReference; includeInIndex = 1; lastKnownFileType = text.xcconfig; name = "Pods-dttoUITests.debug.xcconfig"; path = "Pods/Target Support Files/Pods-dttoUITests/Pods-dttoUITests.debug.xcconfig"; sourceTree = "<group>"; };
		46164DF9B25AAD27BCCFB351 /* Pods-Bounce.debug.xcconfig */ = {isa = PBXFileReference; includeInIndex = 1; lastKnownFileType = text.xcconfig; name = "Pods-Bounce.debug.xcconfig"; path = "Pods/Target Support Files/Pods-Bounce/Pods-Bounce.debug.xcconfig"; sourceTree = "<group>"; };
		5E9C994C354F59F95DF6588A /* Pods_dttoTests.framework */ = {isa = PBXFileReference; explicitFileType = wrapper.framework; includeInIndex = 0; path = Pods_dttoTests.framework; sourceTree = BUILT_PRODUCTS_DIR; };
		66A5655F5E418920AF2F3A50 /* Pods-BounceTests.debug.xcconfig */ = {isa = PBXFileReference; includeInIndex = 1; lastKnownFileType = text.xcconfig; name = "Pods-BounceTests.debug.xcconfig"; path = "Pods/Target Support Files/Pods-BounceTests/Pods-BounceTests.debug.xcconfig"; sourceTree = "<group>"; };
		7B1D6066402798F9B8D3D601 /* Pods-dtto.debug.xcconfig */ = {isa = PBXFileReference; includeInIndex = 1; lastKnownFileType = text.xcconfig; name = "Pods-dtto.debug.xcconfig"; path = "Pods/Target Support Files/Pods-dtto/Pods-dtto.debug.xcconfig"; sourceTree = "<group>"; };
		7B733A0649D325DDC329C2D5 /* Pods_BounceUITests.framework */ = {isa = PBXFileReference; explicitFileType = wrapper.framework; includeInIndex = 0; path = Pods_BounceUITests.framework; sourceTree = BUILT_PRODUCTS_DIR; };
		7DFA1CE712DC73642348FE02 /* Pods-Bounce.release.xcconfig */ = {isa = PBXFileReference; includeInIndex = 1; lastKnownFileType = text.xcconfig; name = "Pods-Bounce.release.xcconfig"; path = "Pods/Target Support Files/Pods-Bounce/Pods-Bounce.release.xcconfig"; sourceTree = "<group>"; };
		879AAA5584D989B2E0A55122 /* Pods_dttoUITests.framework */ = {isa = PBXFileReference; explicitFileType = wrapper.framework; includeInIndex = 0; path = Pods_dttoUITests.framework; sourceTree = BUILT_PRODUCTS_DIR; };
		8FAA19DACCD76D2FE8D5DBF0 /* Pods_BounceTests.framework */ = {isa = PBXFileReference; explicitFileType = wrapper.framework; includeInIndex = 0; path = Pods_BounceTests.framework; sourceTree = BUILT_PRODUCTS_DIR; };
		94B8B8F88F30DE6B06EF97EC /* Pods-dttoUITests.release.xcconfig */ = {isa = PBXFileReference; includeInIndex = 1; lastKnownFileType = text.xcconfig; name = "Pods-dttoUITests.release.xcconfig"; path = "Pods/Target Support Files/Pods-dttoUITests/Pods-dttoUITests.release.xcconfig"; sourceTree = "<group>"; };
		95A82548479929CA98B707FD /* Pods-BounceUITests.debug.xcconfig */ = {isa = PBXFileReference; includeInIndex = 1; lastKnownFileType = text.xcconfig; name = "Pods-BounceUITests.debug.xcconfig"; path = "Pods/Target Support Files/Pods-BounceUITests/Pods-BounceUITests.debug.xcconfig"; sourceTree = "<group>"; };
		AA8979D0ED762035586264AF /* Pods-dttoTests.debug.xcconfig */ = {isa = PBXFileReference; includeInIndex = 1; lastKnownFileType = text.xcconfig; name = "Pods-dttoTests.debug.xcconfig"; path = "Pods/Target Support Files/Pods-dttoTests/Pods-dttoTests.debug.xcconfig"; sourceTree = "<group>"; };
		B6546A2000FAF0BC00D408A4 /* Pods-BounceUITests.release.xcconfig */ = {isa = PBXFileReference; includeInIndex = 1; lastKnownFileType = text.xcconfig; name = "Pods-BounceUITests.release.xcconfig"; path = "Pods/Target Support Files/Pods-BounceUITests/Pods-BounceUITests.release.xcconfig"; sourceTree = "<group>"; };
		D6D31459ECB2325DB96E01AC /* Pods_dtto.framework */ = {isa = PBXFileReference; explicitFileType = wrapper.framework; includeInIndex = 0; path = Pods_dtto.framework; sourceTree = BUILT_PRODUCTS_DIR; };
		EBC428A3ECCB2E106C87BA33 /* Pods-BounceTests.release.xcconfig */ = {isa = PBXFileReference; includeInIndex = 1; lastKnownFileType = text.xcconfig; name = "Pods-BounceTests.release.xcconfig"; path = "Pods/Target Support Files/Pods-BounceTests/Pods-BounceTests.release.xcconfig"; sourceTree = "<group>"; };
/* End PBXFileReference section */

/* Begin PBXFrameworksBuildPhase section */
		04045C1E1DDFA010002BBD07 /* Frameworks */ = {
			isa = PBXFrameworksBuildPhase;
			buildActionMask = 2147483647;
			files = (
				5DAE27372C9348101770911C /* Pods_dtto.framework in Frameworks */,
				04344DA41EB59F59001FB2E2 /* StoreKit.framework in Frameworks */,
			);
			runOnlyForDeploymentPostprocessing = 0;
		};
		04045C321DDFA010002BBD07 /* Frameworks */ = {
			isa = PBXFrameworksBuildPhase;
			buildActionMask = 2147483647;
			files = (
				28DC166C665F928AA6088372 /* Pods_BounceTests.framework in Frameworks */,
				F687C9F5D36DAA9DFEF4FA7F /* Pods_dttoTests.framework in Frameworks */,
			);
			runOnlyForDeploymentPostprocessing = 0;
		};
		04045C3D1DDFA010002BBD07 /* Frameworks */ = {
			isa = PBXFrameworksBuildPhase;
			buildActionMask = 2147483647;
			files = (
				A337F8F8F60A35207990BB24 /* Pods_BounceUITests.framework in Frameworks */,
				FCD96CA255EA5EB63A76171E /* Pods_dttoUITests.framework in Frameworks */,
			);
			runOnlyForDeploymentPostprocessing = 0;
		};
/* End PBXFrameworksBuildPhase section */

/* Begin PBXGroup section */
		04045C181DDFA010002BBD07 = {
			isa = PBXGroup;
			children = (
				04045C231DDFA010002BBD07 /* dtto */,
				04045C381DDFA010002BBD07 /* dttoTests */,
				04045C431DDFA010002BBD07 /* dttoUITests */,
				04045C221DDFA010002BBD07 /* Products */,
				376DC294C578D941E2838B84 /* Pods */,
				D6EA4565AC045B0E0DB5D5E2 /* Frameworks */,
			);
			sourceTree = "<group>";
		};
		04045C221DDFA010002BBD07 /* Products */ = {
			isa = PBXGroup;
			children = (
				04045C211DDFA010002BBD07 /* dtto.app */,
				04045C351DDFA010002BBD07 /* dttoTests.xctest */,
				04045C401DDFA010002BBD07 /* dttoUITests.xctest */,
			);
			name = Products;
			sourceTree = "<group>";
		};
		04045C231DDFA010002BBD07 /* dtto */ = {
			isa = PBXGroup;
			children = (
				04D45ABC1DE2DA1F00A6B317 /* dtto.entitlements */,
				04045C241DDFA010002BBD07 /* AppDelegate.swift */,
				04A6C7D61DDFB154004EFE14 /* GlobalConstants.swift */,
				04051CC41E06714D00A3FDD6 /* Custom Views */,
				04DF310A1DE2EC090068E59B /* Helpers */,
				04E459BA1DE15AE1006003DF /* Login */,
				045DAC391DDFA10100BF3939 /* Home */,
				045248031E089C7F007D6C3E /* ComposePost */,
				04E754571E0F6CEA00883B38 /* Profile */,
				045AB2901DFE70F2009D9394 /* Model */,
				04045C2B1DDFA010002BBD07 /* Assets.xcassets */,
				04045C2D1DDFA010002BBD07 /* LaunchScreen.storyboard */,
				04045C301DDFA010002BBD07 /* Info.plist */,
				0415FD301E97681B00345EBA /* GoogleService-Info.plist */,
				0453572D1DE2E8BF006668BF /* FontAwesome.otf */,
				04FAE7A11DE296650074CA39 /* dtto-Bridging-Header.h */,
			);
			path = dtto;
			sourceTree = "<group>";
		};
		04045C381DDFA010002BBD07 /* dttoTests */ = {
			isa = PBXGroup;
			children = (
				04045C391DDFA010002BBD07 /* BounceTests.swift */,
				04045C3B1DDFA010002BBD07 /* Info.plist */,
			);
			path = dttoTests;
			sourceTree = "<group>";
		};
		04045C431DDFA010002BBD07 /* dttoUITests */ = {
			isa = PBXGroup;
			children = (
				04045C441DDFA010002BBD07 /* BounceUITests.swift */,
				04045C461DDFA010002BBD07 /* Info.plist */,
			);
			path = dttoUITests;
			sourceTree = "<group>";
		};
		04051CC41E06714D00A3FDD6 /* Custom Views */ = {
			isa = PBXGroup;
			children = (
				045DAC3C1DDFB08A00BF3939 /* CircleButton.swift */,
				04E9D9151E1B605F00B29986 /* HorizontalBar.swift */,
				04D994991E19F6BF00A46700 /* TextWithHorizontalBars.swift */,
				04051CC21E06708800A3FDD6 /* RoundImageView.swift */,
				04DF310F1DE2EEFB0068E59B /* RoundButton.swift */,
				04A97E6C1E20D02F008DA2A3 /* MenuBar.swift */,
				046D567B1E34451B00409034 /* FormNavigationBar.swift */,
				04E3FA071E90BB4E008F552A /* PaymentAmountButton.swift */,
				04E4A65B1E94C23A00CFE8CC /* NavigationController.swift */,
			);
			name = "Custom Views";
			sourceTree = "<group>";
		};
		0413AB9D1E232C3900C7198C /* RegisterForm */ = {
			isa = PBXGroup;
			children = (
				0413ABA01E23363B00C7198C /* FormViewController.swift */,
				0413AB9E1E23357600C7198C /* NameViewController.swift */,
				0413AB9B1E232AC500C7198C /* EmailViewController.swift */,
				0474C1D91E2379B900F20704 /* PasswordViewController.swift */,
				0413ABA21E233C4D00C7198C /* UsernameViewController.swift */,
				0483C1E01E285356003508F2 /* CardRegistrationViewController.swift */,
			);
			name = RegisterForm;
			sourceTree = "<group>";
		};
		0434766B1E2F0B2F008B1E9E /* ProfileEdit */ = {
			isa = PBXGroup;
			children = (
				0410DF811E2DB89A00592920 /* ProfileEditViewController.swift */,
				0475D2861E8E114400F0D03A /* EditProfileSectionHeader.swift */,
				04F9BB1F1E358D6700724549 /* EditUserImageCell.swift */,
				0434766C1E2F0B64008B1E9E /* EditUserInfoBaseCell.swift */,
				04FC41121E30559C00F59132 /* EditUserInfoSearchCell.swift */,
				04F9BB211E3594FC00724549 /* EditUserSummaryCell.swift */,
				046D56791E342BF200409034 /* DatePickerViewController.swift */,
				04F18BBF1E60FB6B00AF9FF5 /* UserInfoPickerViewController.swift */,
			);
			name = ProfileEdit;
			sourceTree = "<group>";
		};
		045248031E089C7F007D6C3E /* ComposePost */ = {
			isa = PBXGroup;
			children = (
				04051CBE1E065D4400A3FDD6 /* ComposePostViewController.swift */,
				0410DF7F1E2D8BD200592920 /* PostToolbar.swift */,
				04461A931E1F4244008160A1 /* PostNameCell.swift */,
				040FA99F1E85F61E00C315CD /* PostKeywordCell.swift */,
				04461A951E1F45BC008160A1 /* PostComposeCell.swift */,
				0442E0AA1E2AC28200B7BC4D /* PostAddTagsCell.swift */,
				04245FBC1E2A3DB000611DA0 /* PostAnonymousCell.swift */,
			);
			name = ComposePost;
			sourceTree = "<group>";
		};
		045AB2901DFE70F2009D9394 /* Model */ = {
			isa = PBXGroup;
			children = (
				045AB28E1DFE70EB009D9394 /* User.swift */,
				04B8EC461E496A60004E45FC /* Relater.swift */,
				04F6EFBD1E0B6C1D0055015F /* Notification.swift */,
				04AF68501DFF748600216652 /* Message.swift */,
				049AB6B61DFE8E5000B45DC3 /* Chat.swift */,
				045AB2911DFE71B1009D9394 /* Post.swift */,
			);
			name = Model;
			sourceTree = "<group>";
		};
		045DAC391DDFA10100BF3939 /* Home */ = {
			isa = PBXGroup;
			children = (
				045AB2951DFE7970009D9394 /* TransitioningObject.swift */,
				045AB2931DFE777F009D9394 /* TabBarController.swift */,
				0443FA981E98632400F6CD4E /* PageViewController.swift */,
				0443FAA01E98691300F6CD4E /* BaseTableViewController.swift */,
				041032A11E03A94F00B6BDE8 /* MasterCollectionView.swift */,
				041032AB1E03B7CC00B6BDE8 /* BaseCollectionViewCell.swift */,
				041032A91E03B76600B6BDE8 /* MenuCell.swift */,
				0470790D1E0615910059C360 /* NotificationsPage */,
				0470790E1E06174F0059C360 /* Home */,
				0497C2C51DE4171500485A92 /* Chat */,
			);
			name = Home;
			sourceTree = "<group>";
		};
		0470790D1E0615910059C360 /* NotificationsPage */ = {
			isa = PBXGroup;
			children = (
				0443FA9A1E98635B00F6CD4E /* NotificationsViewController.swift */,
				041F542F1E050FE600D1C767 /* NotificationsPage.swift */,
				0470790B1E0612E90059C360 /* NotificationsCell.swift */,
			);
			name = NotificationsPage;
			sourceTree = "<group>";
		};
		0470790E1E06174F0059C360 /* Home */ = {
			isa = PBXGroup;
			children = (
				041032A71E03B2E000B6BDE8 /* HomePage.swift */,
				0443FA9C1E98668B00F6CD4E /* PostsViewController.swift */,
				0428F6E11E206496002093DB /* RelatersViewController.swift */,
				0428F6E31E206617002093DB /* RelatersCell.swift */,
				041B39311E1DCA80003E130E /* PostProfileCell.swift */,
				041B39371E1DD73C003E130E /* PostTextCell.swift */,
				041B39391E1DDAAA003E130E /* PostButtonsCell.swift */,
				041B393B1E1DEA9C003E130E /* PostTagsCell.swift */,
				04DF9D901E84CDD8001BBF10 /* FooterView.swift */,
				043CA73E1EBAC69800C8BF41 /* PostViewController.swift */,
			);
			name = Home;
			sourceTree = "<group>";
		};
		0497C2C51DE4171500485A92 /* Chat */ = {
			isa = PBXGroup;
			children = (
				049AB6B01DFE841F00B45DC3 /* ChatList.swift */,
				0443FA9E1E98688900F6CD4E /* ChatListViewController.swift */,
				049AB6B21DFE869700B45DC3 /* ChatListCell.swift */,
				04A66B8F1DE68F0100D7EC91 /* MessagesViewController.swift */,
				045332EB1E947F2300B2CD67 /* MessagesHeaderView.swift */,
				0442E0AC1E2AE9AC00B7BC4D /* ResolveChatViewController.swift */,
				045248061E08A1F5007D6C3E /* ChatSettings.swift */,
				0457304C1E91A771001A2268 /* ToggleCell.swift */,
				0457304E1E91A8B0001A2268 /* DestructiveCell.swift */,
				04BD6EBF1E0C986C00036DC7 /* RequestsPreview.swift */,
				047079091E060BA10059C360 /* RequestsPreviewCell.swift */,
				041E5BF61E0CAF5D002533EF /* RequestsViewController.swift */,
				041E5BF81E0CB6CE002533EF /* RequestsViewCell.swift */,
			);
			name = Chat;
			sourceTree = "<group>";
		};
		04DF310A1DE2EC090068E59B /* Helpers */ = {
			isa = PBXGroup;
			children = (
				04B159E81DDFFBE200B6C74C /* FirebaseService.swift */,
				0445D40F1E4ABC6500DC051E /* ImageHelper.swift */,
				04A6C7D81DDFC548004EFE14 /* Animations.swift */,
				04F4EFA21E0A5DE700F1DDFA /* Date.swift */,
				04D45AB61DE2C6FD00A6B317 /* ChangeRootVC.swift */,
				04DF310B1DE2EC160068E59B /* DismissKeyboard.swift */,
				04DF310D1DE2EE4B0068E59B /* UserDefaultsHelper.swift */,
				041B39351E1DD24E003E130E /* UIViewConstraints.swift */,
				04DDD87A1E1F286E0023EE70 /* SortDictionary.swift */,
			);
			name = Helpers;
			sourceTree = "<group>";
		};
		04E459BA1DE15AE1006003DF /* Login */ = {
			isa = PBXGroup;
			children = (
				0412EB821DE28382000203E6 /* FloatingTextField.swift */,
				04E459BD1DE15C3D006003DF /* LoginHome.swift */,
				0413AB991E22C40B00C7198C /* LoginHeaderView.swift */,
				04E459B81DE15AD5006003DF /* EmailLoginViewController.swift */,
				0413AB9D1E232C3900C7198C /* RegisterForm */,
			);
			name = Login;
			sourceTree = "<group>";
		};
		04E754571E0F6CEA00883B38 /* Profile */ = {
			isa = PBXGroup;
			children = (
				04E754601E0F6E5E00883B38 /* AccountViewController.swift */,
				04A97E681E20C5D4008DA2A3 /* AccountProfileHeader.swift */,
				04A97E6A1E20CE57008DA2A3 /* ProfileStatsHeaderView.swift */,
				04A97E6E1E20D2C1008DA2A3 /* AccountStatsCollectionView.swift */,
				04A97E701E20D607008DA2A3 /* AccountPostsTableView.swift */,
				04EA04791E12094400B0A984 /* Profile */,
				0442E0AE1E2B05DD00B7BC4D /* RegisterStripeViewController.swift */,
			);
			name = Profile;
			sourceTree = "<group>";
		};
		04EA04791E12094400B0A984 /* Profile */ = {
			isa = PBXGroup;
			children = (
				04EA04771E12078C00B0A984 /* ProfileViewController.swift */,
				04DDD87C1E1F2DD00023EE70 /* BaseTableViewCell.swift */,
				0413CECC1E1C6D0800DF9E3C /* ProfileSectionHeader.swift */,
				04BBE56F1E13706D00D4559E /* ProfileImageCell.swift */,
				04BBE56B1E13698800D4559E /* ProfileInfoCell.swift */,
				04EA047E1E121C1C00B0A984 /* ProfileExpertiseCell.swift */,
				04EA04821E121D3600B0A984 /* ProfileSummaryCell.swift */,
				04B29A5E1E35B57000347821 /* SettingsViewController.swift */,
				048A20921E9C63390032FEE1 /* SettingsToggleCell.swift */,
				0434766B1E2F0B2F008B1E9E /* ProfileEdit */,
			);
			name = Profile;
			sourceTree = "<group>";
		};
		376DC294C578D941E2838B84 /* Pods */ = {
			isa = PBXGroup;
			children = (
				46164DF9B25AAD27BCCFB351 /* Pods-Bounce.debug.xcconfig */,
				7DFA1CE712DC73642348FE02 /* Pods-Bounce.release.xcconfig */,
				66A5655F5E418920AF2F3A50 /* Pods-BounceTests.debug.xcconfig */,
				EBC428A3ECCB2E106C87BA33 /* Pods-BounceTests.release.xcconfig */,
				95A82548479929CA98B707FD /* Pods-BounceUITests.debug.xcconfig */,
				B6546A2000FAF0BC00D408A4 /* Pods-BounceUITests.release.xcconfig */,
				7B1D6066402798F9B8D3D601 /* Pods-dtto.debug.xcconfig */,
				1B7E1DF596BFBA293A65580E /* Pods-dtto.release.xcconfig */,
				AA8979D0ED762035586264AF /* Pods-dttoTests.debug.xcconfig */,
				0C26BB6A592EA727E6A2DC6D /* Pods-dttoTests.release.xcconfig */,
				2EB6FAD829CE81C2E01327C2 /* Pods-dttoUITests.debug.xcconfig */,
				94B8B8F88F30DE6B06EF97EC /* Pods-dttoUITests.release.xcconfig */,
			);
			name = Pods;
			sourceTree = "<group>";
		};
		D6EA4565AC045B0E0DB5D5E2 /* Frameworks */ = {
			isa = PBXGroup;
			children = (
				04344DA31EB59F59001FB2E2 /* StoreKit.framework */,
				04CFA17B1E0C634700ACD064 /* libz.tbd */,
				04CFA1791E0C633E00ACD064 /* libsqlite3.tbd */,
				064C333CAB0646AC1F08ED66 /* Pods_Bounce.framework */,
				8FAA19DACCD76D2FE8D5DBF0 /* Pods_BounceTests.framework */,
				7B733A0649D325DDC329C2D5 /* Pods_BounceUITests.framework */,
				D6D31459ECB2325DB96E01AC /* Pods_dtto.framework */,
				5E9C994C354F59F95DF6588A /* Pods_dttoTests.framework */,
				879AAA5584D989B2E0A55122 /* Pods_dttoUITests.framework */,
			);
			name = Frameworks;
			sourceTree = "<group>";
		};
/* End PBXGroup section */

/* Begin PBXNativeTarget section */
		04045C201DDFA010002BBD07 /* dtto */ = {
			isa = PBXNativeTarget;
			buildConfigurationList = 04045C491DDFA010002BBD07 /* Build configuration list for PBXNativeTarget "dtto" */;
			buildPhases = (
				94AF2B9275217E0BA83DBF2D /* [CP] Check Pods Manifest.lock */,
				04045C1D1DDFA010002BBD07 /* Sources */,
				04045C1E1DDFA010002BBD07 /* Frameworks */,
				04045C1F1DDFA010002BBD07 /* Resources */,
				3394F3B172F8F2CC15E6F051 /* [CP] Embed Pods Frameworks */,
				9BBF88578A2B2932EC18B82A /* [CP] Copy Pods Resources */,
				04CFA1721E0C5E0F00ACD064 /* Embed Frameworks */,
			);
			buildRules = (
			);
			dependencies = (
			);
			name = dtto;
			productName = Mock;
			productReference = 04045C211DDFA010002BBD07 /* dtto.app */;
			productType = "com.apple.product-type.application";
		};
		04045C341DDFA010002BBD07 /* dttoTests */ = {
			isa = PBXNativeTarget;
			buildConfigurationList = 04045C4C1DDFA010002BBD07 /* Build configuration list for PBXNativeTarget "dttoTests" */;
			buildPhases = (
				875D11E67CC7AFDDBFD94362 /* [CP] Check Pods Manifest.lock */,
				04045C311DDFA010002BBD07 /* Sources */,
				04045C321DDFA010002BBD07 /* Frameworks */,
				04045C331DDFA010002BBD07 /* Resources */,
				D9AB312B8B3FCCD307E4759C /* [CP] Embed Pods Frameworks */,
				FB7033DBAE2B99C9319841FD /* [CP] Copy Pods Resources */,
			);
			buildRules = (
			);
			dependencies = (
				04045C371DDFA010002BBD07 /* PBXTargetDependency */,
			);
			name = dttoTests;
			productName = MockTests;
			productReference = 04045C351DDFA010002BBD07 /* dttoTests.xctest */;
			productType = "com.apple.product-type.bundle.unit-test";
		};
		04045C3F1DDFA010002BBD07 /* dttoUITests */ = {
			isa = PBXNativeTarget;
			buildConfigurationList = 04045C4F1DDFA010002BBD07 /* Build configuration list for PBXNativeTarget "dttoUITests" */;
			buildPhases = (
				5919F9881AB69749CCDA317B /* [CP] Check Pods Manifest.lock */,
				04045C3C1DDFA010002BBD07 /* Sources */,
				04045C3D1DDFA010002BBD07 /* Frameworks */,
				04045C3E1DDFA010002BBD07 /* Resources */,
				0378A8DCD31C5F691D13E98C /* [CP] Embed Pods Frameworks */,
				C31B8C40A7E773E85E1077CA /* [CP] Copy Pods Resources */,
			);
			buildRules = (
			);
			dependencies = (
				04045C421DDFA010002BBD07 /* PBXTargetDependency */,
			);
			name = dttoUITests;
			productName = MockUITests;
			productReference = 04045C401DDFA010002BBD07 /* dttoUITests.xctest */;
			productType = "com.apple.product-type.bundle.ui-testing";
		};
/* End PBXNativeTarget section */

/* Begin PBXProject section */
		04045C191DDFA010002BBD07 /* Project object */ = {
			isa = PBXProject;
			attributes = {
				LastSwiftUpdateCheck = 0810;
				LastUpgradeCheck = 0820;
				ORGANIZATIONNAME = "Jitae Kim";
				TargetAttributes = {
					04045C201DDFA010002BBD07 = {
						CreatedOnToolsVersion = 8.1;
						DevelopmentTeam = 3NP653TDUD;
						ProvisioningStyle = Automatic;
						SystemCapabilities = {
							com.apple.BackgroundModes = {
								enabled = 1;
							};
							com.apple.InAppPurchase = {
								enabled = 1;
							};
							com.apple.Keychain = {
								enabled = 1;
							};
							com.apple.Push = {
								enabled = 1;
							};
						};
					};
					04045C341DDFA010002BBD07 = {
						CreatedOnToolsVersion = 8.1;
						DevelopmentTeam = 3NP653TDUD;
						ProvisioningStyle = Automatic;
						TestTargetID = 04045C201DDFA010002BBD07;
					};
					04045C3F1DDFA010002BBD07 = {
						CreatedOnToolsVersion = 8.1;
						DevelopmentTeam = 3NP653TDUD;
						ProvisioningStyle = Automatic;
						TestTargetID = 04045C201DDFA010002BBD07;
					};
				};
			};
			buildConfigurationList = 04045C1C1DDFA010002BBD07 /* Build configuration list for PBXProject "dtto" */;
			compatibilityVersion = "Xcode 3.2";
			developmentRegion = English;
			hasScannedForEncodings = 0;
			knownRegions = (
				en,
				Base,
			);
			mainGroup = 04045C181DDFA010002BBD07;
			productRefGroup = 04045C221DDFA010002BBD07 /* Products */;
			projectDirPath = "";
			projectRoot = "";
			targets = (
				04045C201DDFA010002BBD07 /* dtto */,
				04045C341DDFA010002BBD07 /* dttoTests */,
				04045C3F1DDFA010002BBD07 /* dttoUITests */,
			);
		};
/* End PBXProject section */

/* Begin PBXResourcesBuildPhase section */
		04045C1F1DDFA010002BBD07 /* Resources */ = {
			isa = PBXResourcesBuildPhase;
			buildActionMask = 2147483647;
			files = (
				04045C2F1DDFA010002BBD07 /* LaunchScreen.storyboard in Resources */,
				0415FD311E97681B00345EBA /* GoogleService-Info.plist in Resources */,
				04045C2C1DDFA010002BBD07 /* Assets.xcassets in Resources */,
				0453572E1DE2E8DB006668BF /* FontAwesome.otf in Resources */,
			);
			runOnlyForDeploymentPostprocessing = 0;
		};
		04045C331DDFA010002BBD07 /* Resources */ = {
			isa = PBXResourcesBuildPhase;
			buildActionMask = 2147483647;
			files = (
			);
			runOnlyForDeploymentPostprocessing = 0;
		};
		04045C3E1DDFA010002BBD07 /* Resources */ = {
			isa = PBXResourcesBuildPhase;
			buildActionMask = 2147483647;
			files = (
			);
			runOnlyForDeploymentPostprocessing = 0;
		};
/* End PBXResourcesBuildPhase section */

/* Begin PBXShellScriptBuildPhase section */
		0378A8DCD31C5F691D13E98C /* [CP] Embed Pods Frameworks */ = {
			isa = PBXShellScriptBuildPhase;
			buildActionMask = 2147483647;
			files = (
			);
			inputPaths = (
			);
			name = "[CP] Embed Pods Frameworks";
			outputPaths = (
			);
			runOnlyForDeploymentPostprocessing = 0;
			shellPath = /bin/sh;
			shellScript = "\"${SRCROOT}/Pods/Target Support Files/Pods-dttoUITests/Pods-dttoUITests-frameworks.sh\"\n";
			showEnvVarsInLog = 0;
		};
		3394F3B172F8F2CC15E6F051 /* [CP] Embed Pods Frameworks */ = {
			isa = PBXShellScriptBuildPhase;
			buildActionMask = 2147483647;
			files = (
			);
			inputPaths = (
			);
			name = "[CP] Embed Pods Frameworks";
			outputPaths = (
			);
			runOnlyForDeploymentPostprocessing = 0;
			shellPath = /bin/sh;
			shellScript = "\"${SRCROOT}/Pods/Target Support Files/Pods-dtto/Pods-dtto-frameworks.sh\"\n";
			showEnvVarsInLog = 0;
		};
		5919F9881AB69749CCDA317B /* [CP] Check Pods Manifest.lock */ = {
			isa = PBXShellScriptBuildPhase;
			buildActionMask = 2147483647;
			files = (
			);
			inputPaths = (
			);
			name = "[CP] Check Pods Manifest.lock";
			outputPaths = (
			);
			runOnlyForDeploymentPostprocessing = 0;
			shellPath = /bin/sh;
			shellScript = "diff \"${PODS_ROOT}/../Podfile.lock\" \"${PODS_ROOT}/Manifest.lock\" > /dev/null\nif [ $? != 0 ] ; then\n    # print error to STDERR\n    echo \"error: The sandbox is not in sync with the Podfile.lock. Run 'pod install' or update your CocoaPods installation.\" >&2\n    exit 1\nfi\n";
			showEnvVarsInLog = 0;
		};
		875D11E67CC7AFDDBFD94362 /* [CP] Check Pods Manifest.lock */ = {
			isa = PBXShellScriptBuildPhase;
			buildActionMask = 2147483647;
			files = (
			);
			inputPaths = (
			);
			name = "[CP] Check Pods Manifest.lock";
			outputPaths = (
			);
			runOnlyForDeploymentPostprocessing = 0;
			shellPath = /bin/sh;
			shellScript = "diff \"${PODS_ROOT}/../Podfile.lock\" \"${PODS_ROOT}/Manifest.lock\" > /dev/null\nif [ $? != 0 ] ; then\n    # print error to STDERR\n    echo \"error: The sandbox is not in sync with the Podfile.lock. Run 'pod install' or update your CocoaPods installation.\" >&2\n    exit 1\nfi\n";
			showEnvVarsInLog = 0;
		};
		94AF2B9275217E0BA83DBF2D /* [CP] Check Pods Manifest.lock */ = {
			isa = PBXShellScriptBuildPhase;
			buildActionMask = 2147483647;
			files = (
			);
			inputPaths = (
			);
			name = "[CP] Check Pods Manifest.lock";
			outputPaths = (
			);
			runOnlyForDeploymentPostprocessing = 0;
			shellPath = /bin/sh;
			shellScript = "diff \"${PODS_ROOT}/../Podfile.lock\" \"${PODS_ROOT}/Manifest.lock\" > /dev/null\nif [ $? != 0 ] ; then\n    # print error to STDERR\n    echo \"error: The sandbox is not in sync with the Podfile.lock. Run 'pod install' or update your CocoaPods installation.\" >&2\n    exit 1\nfi\n";
			showEnvVarsInLog = 0;
		};
		9BBF88578A2B2932EC18B82A /* [CP] Copy Pods Resources */ = {
			isa = PBXShellScriptBuildPhase;
			buildActionMask = 2147483647;
			files = (
			);
			inputPaths = (
			);
			name = "[CP] Copy Pods Resources";
			outputPaths = (
			);
			runOnlyForDeploymentPostprocessing = 0;
			shellPath = /bin/sh;
			shellScript = "\"${SRCROOT}/Pods/Target Support Files/Pods-dtto/Pods-dtto-resources.sh\"\n";
			showEnvVarsInLog = 0;
		};
		C31B8C40A7E773E85E1077CA /* [CP] Copy Pods Resources */ = {
			isa = PBXShellScriptBuildPhase;
			buildActionMask = 2147483647;
			files = (
			);
			inputPaths = (
			);
			name = "[CP] Copy Pods Resources";
			outputPaths = (
			);
			runOnlyForDeploymentPostprocessing = 0;
			shellPath = /bin/sh;
			shellScript = "\"${SRCROOT}/Pods/Target Support Files/Pods-dttoUITests/Pods-dttoUITests-resources.sh\"\n";
			showEnvVarsInLog = 0;
		};
		D9AB312B8B3FCCD307E4759C /* [CP] Embed Pods Frameworks */ = {
			isa = PBXShellScriptBuildPhase;
			buildActionMask = 2147483647;
			files = (
			);
			inputPaths = (
			);
			name = "[CP] Embed Pods Frameworks";
			outputPaths = (
			);
			runOnlyForDeploymentPostprocessing = 0;
			shellPath = /bin/sh;
			shellScript = "\"${SRCROOT}/Pods/Target Support Files/Pods-dttoTests/Pods-dttoTests-frameworks.sh\"\n";
			showEnvVarsInLog = 0;
		};
		FB7033DBAE2B99C9319841FD /* [CP] Copy Pods Resources */ = {
			isa = PBXShellScriptBuildPhase;
			buildActionMask = 2147483647;
			files = (
			);
			inputPaths = (
			);
			name = "[CP] Copy Pods Resources";
			outputPaths = (
			);
			runOnlyForDeploymentPostprocessing = 0;
			shellPath = /bin/sh;
			shellScript = "\"${SRCROOT}/Pods/Target Support Files/Pods-dttoTests/Pods-dttoTests-resources.sh\"\n";
			showEnvVarsInLog = 0;
		};
/* End PBXShellScriptBuildPhase section */

/* Begin PBXSourcesBuildPhase section */
		04045C1D1DDFA010002BBD07 /* Sources */ = {
			isa = PBXSourcesBuildPhase;
			buildActionMask = 2147483647;
			files = (
				04DF31101DE2EEFB0068E59B /* RoundButton.swift in Sources */,
				041032A31E03A94F00B6BDE8 /* MasterCollectionView.swift in Sources */,
				04A97E6F1E20D2C1008DA2A3 /* AccountStatsCollectionView.swift in Sources */,
				04DF9D911E84CDD8001BBF10 /* FooterView.swift in Sources */,
				04E754611E0F6E5E00883B38 /* AccountViewController.swift in Sources */,
				0443FA9B1E98635B00F6CD4E /* NotificationsViewController.swift in Sources */,
				04A97E691E20C5D4008DA2A3 /* AccountProfileHeader.swift in Sources */,
				04E3FA081E90BB4E008F552A /* PaymentAmountButton.swift in Sources */,
				041B39361E1DD24E003E130E /* UIViewConstraints.swift in Sources */,
				04DF310E1DE2EE4B0068E59B /* UserDefaultsHelper.swift in Sources */,
				0413ABA31E233C4D00C7198C /* UsernameViewController.swift in Sources */,
				045DAC3D1DDFB08A00BF3939 /* CircleButton.swift in Sources */,
				041032AA1E03B76600B6BDE8 /* MenuCell.swift in Sources */,
				04EA04801E121C1C00B0A984 /* ProfileExpertiseCell.swift in Sources */,
				04A6C7D91DDFC548004EFE14 /* Animations.swift in Sources */,
				041032A81E03B2E000B6BDE8 /* HomePage.swift in Sources */,
				0413CECD1E1C6D0800DF9E3C /* ProfileSectionHeader.swift in Sources */,
				04BD6EC01E0C986C00036DC7 /* RequestsPreview.swift in Sources */,
				048A20931E9C63390032FEE1 /* SettingsToggleCell.swift in Sources */,
				0445D4101E4ABC6500DC051E /* ImageHelper.swift in Sources */,
				0443FA991E98632400F6CD4E /* PageViewController.swift in Sources */,
				0474C1DA1E2379B900F20704 /* PasswordViewController.swift in Sources */,
				041E5BF71E0CAF5D002533EF /* RequestsViewController.swift in Sources */,
				046D567C1E34451B00409034 /* FormNavigationBar.swift in Sources */,
				04B159E91DDFFBE200B6C74C /* FirebaseService.swift in Sources */,
				04BBE5711E13706D00D4559E /* ProfileImageCell.swift in Sources */,
				04A97E6D1E20D02F008DA2A3 /* MenuBar.swift in Sources */,
				04461A961E1F45BC008160A1 /* PostComposeCell.swift in Sources */,
				041B393A1E1DDAAA003E130E /* PostButtonsCell.swift in Sources */,
				0442E0AF1E2B05DD00B7BC4D /* RegisterStripeViewController.swift in Sources */,
				043CA73F1EBAC69800C8BF41 /* PostViewController.swift in Sources */,
				0475D2871E8E114400F0D03A /* EditProfileSectionHeader.swift in Sources */,
				041B393C1E1DEA9C003E130E /* PostTagsCell.swift in Sources */,
				045AB2941DFE777F009D9394 /* TabBarController.swift in Sources */,
				04E459B91DE15AD5006003DF /* EmailLoginViewController.swift in Sources */,
				04E9D9161E1B605F00B29986 /* HorizontalBar.swift in Sources */,
				0443FA9F1E98688900F6CD4E /* ChatListViewController.swift in Sources */,
				046D567A1E342BF200409034 /* DatePickerViewController.swift in Sources */,
				04F6EFBE1E0B6C1D0055015F /* Notification.swift in Sources */,
				04DDD87B1E1F286E0023EE70 /* SortDictionary.swift in Sources */,
				0434766D1E2F0B65008B1E9E /* EditUserInfoBaseCell.swift in Sources */,
				04051CC01E065D4400A3FDD6 /* ComposePostViewController.swift in Sources */,
				04A97E711E20D607008DA2A3 /* AccountPostsTableView.swift in Sources */,
				0410DF801E2D8BD200592920 /* PostToolbar.swift in Sources */,
				045AB28F1DFE70EB009D9394 /* User.swift in Sources */,
				04D45AB71DE2C6FD00A6B317 /* ChangeRootVC.swift in Sources */,
				04051CC31E06708800A3FDD6 /* RoundImageView.swift in Sources */,
				041E5BFA1E0CB6CE002533EF /* RequestsViewCell.swift in Sources */,
				04AF68511DFF748600216652 /* Message.swift in Sources */,
				041B39321E1DCA80003E130E /* PostProfileCell.swift in Sources */,
				0413AB9C1E232AC500C7198C /* EmailViewController.swift in Sources */,
				045332EC1E947F2300B2CD67 /* MessagesHeaderView.swift in Sources */,
				0428F6E41E206617002093DB /* RelatersCell.swift in Sources */,
				04D9949A1E19F6BF00A46700 /* TextWithHorizontalBars.swift in Sources */,
				0443FAA11E98691300F6CD4E /* BaseTableViewController.swift in Sources */,
				04DDD87D1E1F2DD00023EE70 /* BaseTableViewCell.swift in Sources */,
				0412EB831DE28382000203E6 /* FloatingTextField.swift in Sources */,
				04BBE56D1E13698800D4559E /* ProfileInfoCell.swift in Sources */,
				04EA04841E121D3600B0A984 /* ProfileSummaryCell.swift in Sources */,
				0457304D1E91A771001A2268 /* ToggleCell.swift in Sources */,
				0413AB9A1E22C40B00C7198C /* LoginHeaderView.swift in Sources */,
				0483C1E11E285356003508F2 /* CardRegistrationViewController.swift in Sources */,
				04E459BF1DE15C3D006003DF /* LoginHome.swift in Sources */,
				04A6C7D71DDFB154004EFE14 /* GlobalConstants.swift in Sources */,
				0442E0AB1E2AC28200B7BC4D /* PostAddTagsCell.swift in Sources */,
				04A97E6B1E20CE57008DA2A3 /* ProfileStatsHeaderView.swift in Sources */,
				049AB6B41DFE869700B45DC3 /* ChatListCell.swift in Sources */,
				0413AB9F1E23357600C7198C /* NameViewController.swift in Sources */,
				04F9BB221E3594FC00724549 /* EditUserSummaryCell.swift in Sources */,
				041032AC1E03B7CC00B6BDE8 /* BaseCollectionViewCell.swift in Sources */,
				041B39381E1DD73C003E130E /* PostTextCell.swift in Sources */,
				0470790A1E060BA10059C360 /* RequestsPreviewCell.swift in Sources */,
				04B29A5F1E35B57000347821 /* SettingsViewController.swift in Sources */,
				041F54301E050FE600D1C767 /* NotificationsPage.swift in Sources */,
				04B8EC471E496A60004E45FC /* Relater.swift in Sources */,
				04F18BC01E60FB6B00AF9FF5 /* UserInfoPickerViewController.swift in Sources */,
				04DF310C1DE2EC160068E59B /* DismissKeyboard.swift in Sources */,
				04E4A65C1E94C23A00CFE8CC /* NavigationController.swift in Sources */,
				04F9BB201E358D6700724549 /* EditUserImageCell.swift in Sources */,
				049AB6B11DFE841F00B45DC3 /* ChatList.swift in Sources */,
				0442E0AD1E2AE9AC00B7BC4D /* ResolveChatViewController.swift in Sources */,
				045AB2921DFE71B1009D9394 /* Post.swift in Sources */,
				0413ABA11E23363B00C7198C /* FormViewController.swift in Sources */,
				04045C251DDFA010002BBD07 /* AppDelegate.swift in Sources */,
				0470790C1E0612E90059C360 /* NotificationsCell.swift in Sources */,
				04F4EFA31E0A5DE700F1DDFA /* Date.swift in Sources */,
				049AB6B71DFE8E5000B45DC3 /* Chat.swift in Sources */,
				045AB2961DFE7970009D9394 /* TransitioningObject.swift in Sources */,
				04EA04781E12078C00B0A984 /* ProfileViewController.swift in Sources */,
				045248081E08A1F5007D6C3E /* ChatSettings.swift in Sources */,
				0428F6E21E206496002093DB /* RelatersViewController.swift in Sources */,
				04A66B901DE68F0100D7EC91 /* MessagesViewController.swift in Sources */,
				04245FBD1E2A3DB000611DA0 /* PostAnonymousCell.swift in Sources */,
				04461A941E1F4244008160A1 /* PostNameCell.swift in Sources */,
				0443FA9D1E98668B00F6CD4E /* PostsViewController.swift in Sources */,
				0410DF821E2DB89A00592920 /* ProfileEditViewController.swift in Sources */,
				0457304F1E91A8B0001A2268 /* DestructiveCell.swift in Sources */,
				040FA9A01E85F61E00C315CD /* PostKeywordCell.swift in Sources */,
				04FC41131E30559C00F59132 /* EditUserInfoSearchCell.swift in Sources */,
			);
			runOnlyForDeploymentPostprocessing = 0;
		};
		04045C311DDFA010002BBD07 /* Sources */ = {
			isa = PBXSourcesBuildPhase;
			buildActionMask = 2147483647;
			files = (
				04045C3A1DDFA010002BBD07 /* BounceTests.swift in Sources */,
			);
			runOnlyForDeploymentPostprocessing = 0;
		};
		04045C3C1DDFA010002BBD07 /* Sources */ = {
			isa = PBXSourcesBuildPhase;
			buildActionMask = 2147483647;
			files = (
				04045C451DDFA010002BBD07 /* BounceUITests.swift in Sources */,
			);
			runOnlyForDeploymentPostprocessing = 0;
		};
/* End PBXSourcesBuildPhase section */

/* Begin PBXTargetDependency section */
		04045C371DDFA010002BBD07 /* PBXTargetDependency */ = {
			isa = PBXTargetDependency;
			target = 04045C201DDFA010002BBD07 /* dtto */;
			targetProxy = 04045C361DDFA010002BBD07 /* PBXContainerItemProxy */;
		};
		04045C421DDFA010002BBD07 /* PBXTargetDependency */ = {
			isa = PBXTargetDependency;
			target = 04045C201DDFA010002BBD07 /* dtto */;
			targetProxy = 04045C411DDFA010002BBD07 /* PBXContainerItemProxy */;
		};
/* End PBXTargetDependency section */

/* Begin PBXVariantGroup section */
		04045C2D1DDFA010002BBD07 /* LaunchScreen.storyboard */ = {
			isa = PBXVariantGroup;
			children = (
				04045C2E1DDFA010002BBD07 /* Base */,
			);
			name = LaunchScreen.storyboard;
			sourceTree = "<group>";
		};
/* End PBXVariantGroup section */

/* Begin XCBuildConfiguration section */
		04045C471DDFA010002BBD07 /* Debug */ = {
			isa = XCBuildConfiguration;
			buildSettings = {
				ALWAYS_EMBED_SWIFT_STANDARD_LIBRARIES = "$(inherited)";
				ALWAYS_SEARCH_USER_PATHS = NO;
				CLANG_ANALYZER_NONNULL = YES;
				CLANG_CXX_LANGUAGE_STANDARD = "gnu++0x";
				CLANG_CXX_LIBRARY = "libc++";
				CLANG_ENABLE_MODULES = YES;
				CLANG_ENABLE_OBJC_ARC = YES;
				CLANG_WARN_BOOL_CONVERSION = YES;
				CLANG_WARN_CONSTANT_CONVERSION = YES;
				CLANG_WARN_DIRECT_OBJC_ISA_USAGE = YES_ERROR;
				CLANG_WARN_DOCUMENTATION_COMMENTS = YES;
				CLANG_WARN_EMPTY_BODY = YES;
				CLANG_WARN_ENUM_CONVERSION = YES;
				CLANG_WARN_INFINITE_RECURSION = YES;
				CLANG_WARN_INT_CONVERSION = YES;
				CLANG_WARN_OBJC_ROOT_CLASS = YES_ERROR;
				CLANG_WARN_SUSPICIOUS_MOVE = YES;
				CLANG_WARN_SUSPICIOUS_MOVES = YES;
				CLANG_WARN_UNREACHABLE_CODE = YES;
				CLANG_WARN__DUPLICATE_METHOD_MATCH = YES;
				"CODE_SIGN_IDENTITY[sdk=iphoneos*]" = "iPhone Developer";
				COPY_PHASE_STRIP = NO;
				DEBUG_INFORMATION_FORMAT = dwarf;
				ENABLE_STRICT_OBJC_MSGSEND = YES;
				ENABLE_TESTABILITY = YES;
				GCC_C_LANGUAGE_STANDARD = gnu99;
				GCC_DYNAMIC_NO_PIC = NO;
				GCC_NO_COMMON_BLOCKS = YES;
				GCC_OPTIMIZATION_LEVEL = 0;
				GCC_PREPROCESSOR_DEFINITIONS = (
					"DEBUG=1",
					"$(inherited)",
				);
				GCC_WARN_64_TO_32_BIT_CONVERSION = YES;
				GCC_WARN_ABOUT_RETURN_TYPE = YES_ERROR;
				GCC_WARN_UNDECLARED_SELECTOR = YES;
				GCC_WARN_UNINITIALIZED_AUTOS = YES_AGGRESSIVE;
				GCC_WARN_UNUSED_FUNCTION = YES;
				GCC_WARN_UNUSED_VARIABLE = YES;
				IPHONEOS_DEPLOYMENT_TARGET = 9.0;
				MTL_ENABLE_DEBUG_INFO = YES;
				ONLY_ACTIVE_ARCH = YES;
				SDKROOT = iphoneos;
				SWIFT_ACTIVE_COMPILATION_CONDITIONS = DEBUG;
				SWIFT_OBJC_BRIDGING_HEADER = "dtto/dtto-Bridging-Header.h";
				SWIFT_OPTIMIZATION_LEVEL = "-Onone";
				TARGETED_DEVICE_FAMILY = "1,2";
			};
			name = Debug;
		};
		04045C481DDFA010002BBD07 /* Release */ = {
			isa = XCBuildConfiguration;
			buildSettings = {
				ALWAYS_EMBED_SWIFT_STANDARD_LIBRARIES = "$(inherited)";
				ALWAYS_SEARCH_USER_PATHS = NO;
				CLANG_ANALYZER_NONNULL = YES;
				CLANG_CXX_LANGUAGE_STANDARD = "gnu++0x";
				CLANG_CXX_LIBRARY = "libc++";
				CLANG_ENABLE_MODULES = YES;
				CLANG_ENABLE_OBJC_ARC = YES;
				CLANG_WARN_BOOL_CONVERSION = YES;
				CLANG_WARN_CONSTANT_CONVERSION = YES;
				CLANG_WARN_DIRECT_OBJC_ISA_USAGE = YES_ERROR;
				CLANG_WARN_DOCUMENTATION_COMMENTS = YES;
				CLANG_WARN_EMPTY_BODY = YES;
				CLANG_WARN_ENUM_CONVERSION = YES;
				CLANG_WARN_INFINITE_RECURSION = YES;
				CLANG_WARN_INT_CONVERSION = YES;
				CLANG_WARN_OBJC_ROOT_CLASS = YES_ERROR;
				CLANG_WARN_SUSPICIOUS_MOVE = YES;
				CLANG_WARN_SUSPICIOUS_MOVES = YES;
				CLANG_WARN_UNREACHABLE_CODE = YES;
				CLANG_WARN__DUPLICATE_METHOD_MATCH = YES;
				"CODE_SIGN_IDENTITY[sdk=iphoneos*]" = "iPhone Developer";
				COPY_PHASE_STRIP = NO;
				DEBUG_INFORMATION_FORMAT = "dwarf-with-dsym";
				ENABLE_NS_ASSERTIONS = NO;
				ENABLE_STRICT_OBJC_MSGSEND = YES;
				GCC_C_LANGUAGE_STANDARD = gnu99;
				GCC_NO_COMMON_BLOCKS = YES;
				GCC_WARN_64_TO_32_BIT_CONVERSION = YES;
				GCC_WARN_ABOUT_RETURN_TYPE = YES_ERROR;
				GCC_WARN_UNDECLARED_SELECTOR = YES;
				GCC_WARN_UNINITIALIZED_AUTOS = YES_AGGRESSIVE;
				GCC_WARN_UNUSED_FUNCTION = YES;
				GCC_WARN_UNUSED_VARIABLE = YES;
				IPHONEOS_DEPLOYMENT_TARGET = 9.0;
				MTL_ENABLE_DEBUG_INFO = NO;
				SDKROOT = iphoneos;
				SWIFT_OBJC_BRIDGING_HEADER = "dtto/dtto-Bridging-Header.h";
				SWIFT_OPTIMIZATION_LEVEL = "-Owholemodule";
				TARGETED_DEVICE_FAMILY = "1,2";
				VALIDATE_PRODUCT = YES;
			};
			name = Release;
		};
		04045C4A1DDFA010002BBD07 /* Debug */ = {
			isa = XCBuildConfiguration;
			baseConfigurationReference = 7B1D6066402798F9B8D3D601 /* Pods-dtto.debug.xcconfig */;
			buildSettings = {
				ALWAYS_EMBED_SWIFT_STANDARD_LIBRARIES = YES;
				APP_DISPLAY_NAME = "Dtto Debug";
				ASSETCATALOG_COMPILER_APPICON_NAME = AppIcon;
				CODE_SIGN_ENTITLEMENTS = dtto/dtto.entitlements;
				"CODE_SIGN_IDENTITY[sdk=iphoneos*]" = "iPhone Developer";
				DEVELOPMENT_TEAM = 3NP653TDUD;
				FRAMEWORK_SEARCH_PATHS = "$(inherited)";
				INFOPLIST_FILE = "$(SRCROOT)/dtto/Info.plist";
				IPHONEOS_DEPLOYMENT_TARGET = 9.0;
				LD_RUNPATH_SEARCH_PATHS = "$(inherited) @executable_path/Frameworks";
				OTHER_SWIFT_FLAGS = "-Xfrontend -debug-time-function-bodies";
				PRODUCT_BUNDLE_IDENTIFIER = com.jk.dtto.debug;
				PRODUCT_NAME = "$(TARGET_NAME)";
				PROVISIONING_PROFILE = "";
				PROVISIONING_PROFILE_SPECIFIER = "";
				SWIFT_OBJC_BRIDGING_HEADER = "dtto/dtto-Bridging-Header.h";
				SWIFT_OPTIMIZATION_LEVEL = "-Onone";
				SWIFT_VERSION = 3.0;
			};
			name = Debug;
		};
		04045C4B1DDFA010002BBD07 /* Release */ = {
			isa = XCBuildConfiguration;
			baseConfigurationReference = 1B7E1DF596BFBA293A65580E /* Pods-dtto.release.xcconfig */;
			buildSettings = {
				ALWAYS_EMBED_SWIFT_STANDARD_LIBRARIES = YES;
				APP_DISPLAY_NAME = Dtto;
				ASSETCATALOG_COMPILER_APPICON_NAME = AppIcon;
				CODE_SIGN_ENTITLEMENTS = dtto/dtto.entitlements;
				"CODE_SIGN_IDENTITY[sdk=iphoneos*]" = "iPhone Developer";
				DEVELOPMENT_TEAM = 3NP653TDUD;
				FRAMEWORK_SEARCH_PATHS = "$(inherited)";
				INFOPLIST_FILE = "$(SRCROOT)/dtto/Info.plist";
				IPHONEOS_DEPLOYMENT_TARGET = 9.0;
				LD_RUNPATH_SEARCH_PATHS = "$(inherited) @executable_path/Frameworks";
				OTHER_SWIFT_FLAGS = "-Xfrontend -debug-time-function-bodies";
				PRODUCT_BUNDLE_IDENTIFIER = com.jk.dtto;
				PRODUCT_NAME = "$(TARGET_NAME)";
				PROVISIONING_PROFILE = "";
				PROVISIONING_PROFILE_SPECIFIER = "";
				SWIFT_OBJC_BRIDGING_HEADER = "dtto/dtto-Bridging-Header.h";
				SWIFT_VERSION = 3.0;
			};
			name = Release;
		};
		04045C4D1DDFA010002BBD07 /* Debug */ = {
			isa = XCBuildConfiguration;
			baseConfigurationReference = AA8979D0ED762035586264AF /* Pods-dttoTests.debug.xcconfig */;
			buildSettings = {
				ALWAYS_EMBED_SWIFT_STANDARD_LIBRARIES = "$(inherited)";
				BUNDLE_LOADER = "$(TEST_HOST)";
				DEVELOPMENT_TEAM = 3NP653TDUD;
				INFOPLIST_FILE = BounceTests/Info.plist;
				LD_RUNPATH_SEARCH_PATHS = "$(inherited) @executable_path/Frameworks @loader_path/Frameworks";
				PRODUCT_BUNDLE_IDENTIFIER = com.jk.BounceTests;
				PRODUCT_NAME = "$(TARGET_NAME)";
				SWIFT_VERSION = 3.0;
				TEST_HOST = "$(BUILT_PRODUCTS_DIR)/dtto.app/dtto";
			};
			name = Debug;
		};
		04045C4E1DDFA010002BBD07 /* Release */ = {
			isa = XCBuildConfiguration;
			baseConfigurationReference = 0C26BB6A592EA727E6A2DC6D /* Pods-dttoTests.release.xcconfig */;
			buildSettings = {
				ALWAYS_EMBED_SWIFT_STANDARD_LIBRARIES = "$(inherited)";
				BUNDLE_LOADER = "$(TEST_HOST)";
				DEVELOPMENT_TEAM = 3NP653TDUD;
				INFOPLIST_FILE = BounceTests/Info.plist;
				LD_RUNPATH_SEARCH_PATHS = "$(inherited) @executable_path/Frameworks @loader_path/Frameworks";
				PRODUCT_BUNDLE_IDENTIFIER = com.jk.BounceTests;
				PRODUCT_NAME = "$(TARGET_NAME)";
				SWIFT_VERSION = 3.0;
				TEST_HOST = "$(BUILT_PRODUCTS_DIR)/dtto.app/dtto";
			};
			name = Release;
		};
		04045C501DDFA010002BBD07 /* Debug */ = {
			isa = XCBuildConfiguration;
			baseConfigurationReference = 2EB6FAD829CE81C2E01327C2 /* Pods-dttoUITests.debug.xcconfig */;
			buildSettings = {
				ALWAYS_EMBED_SWIFT_STANDARD_LIBRARIES = "$(inherited)";
				DEVELOPMENT_TEAM = 3NP653TDUD;
				INFOPLIST_FILE = BounceUITests/Info.plist;
				LD_RUNPATH_SEARCH_PATHS = "$(inherited) @executable_path/Frameworks @loader_path/Frameworks";
				PRODUCT_BUNDLE_IDENTIFIER = com.jk.BounceUITests;
				PRODUCT_NAME = "$(TARGET_NAME)";
				SWIFT_VERSION = 3.0;
				TEST_TARGET_NAME = dtto;
			};
			name = Debug;
		};
		04045C511DDFA010002BBD07 /* Release */ = {
			isa = XCBuildConfiguration;
			baseConfigurationReference = 94B8B8F88F30DE6B06EF97EC /* Pods-dttoUITests.release.xcconfig */;
			buildSettings = {
				ALWAYS_EMBED_SWIFT_STANDARD_LIBRARIES = "$(inherited)";
				DEVELOPMENT_TEAM = 3NP653TDUD;
				INFOPLIST_FILE = BounceUITests/Info.plist;
				LD_RUNPATH_SEARCH_PATHS = "$(inherited) @executable_path/Frameworks @loader_path/Frameworks";
				PRODUCT_BUNDLE_IDENTIFIER = com.jk.BounceUITests;
				PRODUCT_NAME = "$(TARGET_NAME)";
				SWIFT_VERSION = 3.0;
				TEST_TARGET_NAME = dtto;
			};
			name = Release;
		};
/* End XCBuildConfiguration section */

/* Begin XCConfigurationList section */
		04045C1C1DDFA010002BBD07 /* Build configuration list for PBXProject "dtto" */ = {
			isa = XCConfigurationList;
			buildConfigurations = (
				04045C471DDFA010002BBD07 /* Debug */,
				04045C481DDFA010002BBD07 /* Release */,
			);
			defaultConfigurationIsVisible = 0;
			defaultConfigurationName = Release;
		};
		04045C491DDFA010002BBD07 /* Build configuration list for PBXNativeTarget "dtto" */ = {
			isa = XCConfigurationList;
			buildConfigurations = (
				04045C4A1DDFA010002BBD07 /* Debug */,
				04045C4B1DDFA010002BBD07 /* Release */,
			);
			defaultConfigurationIsVisible = 0;
			defaultConfigurationName = Release;
		};
		04045C4C1DDFA010002BBD07 /* Build configuration list for PBXNativeTarget "dttoTests" */ = {
			isa = XCConfigurationList;
			buildConfigurations = (
				04045C4D1DDFA010002BBD07 /* Debug */,
				04045C4E1DDFA010002BBD07 /* Release */,
			);
			defaultConfigurationIsVisible = 0;
			defaultConfigurationName = Release;
		};
		04045C4F1DDFA010002BBD07 /* Build configuration list for PBXNativeTarget "dttoUITests" */ = {
			isa = XCConfigurationList;
			buildConfigurations = (
				04045C501DDFA010002BBD07 /* Debug */,
				04045C511DDFA010002BBD07 /* Release */,
			);
			defaultConfigurationIsVisible = 0;
			defaultConfigurationName = Release;
		};
/* End XCConfigurationList section */
	};
	rootObject = 04045C191DDFA010002BBD07 /* Project object */;
}
